// !$*UTF8*$!
{
	archiveVersion = 1;
	classes = {
	};
	objectVersion = 55;
	objects = {

/* Begin PBXBuildFile section */
		B52FE3D01C1EB78D61AB2CA0 /* Pods_ar_app.framework in Frameworks */ = {isa = PBXBuildFile; fileRef = 78D877C839F3992403B7B29A /* Pods_ar_app.framework */; };
		D211C2BC284E246C00189244 /* Global.swift in Sources */ = {isa = PBXBuildFile; fileRef = D211C2BB284E246C00189244 /* Global.swift */; };
		D211C2BE284E271E00189244 /* AFSessionManager.swift in Sources */ = {isa = PBXBuildFile; fileRef = D211C2BD284E271E00189244 /* AFSessionManager.swift */; };
		D22D32CC283D02C600E80062 /* UIViewExtension.swift in Sources */ = {isa = PBXBuildFile; fileRef = D22D32CB283D02C600E80062 /* UIViewExtension.swift */; };
		D22D32CE283D05D200E80062 /* HomeViewController.swift in Sources */ = {isa = PBXBuildFile; fileRef = D22D32CD283D05D200E80062 /* HomeViewController.swift */; };
		D22D32D0283D062E00E80062 /* HomeViewController.storyboard in Resources */ = {isa = PBXBuildFile; fileRef = D22D32CF283D062E00E80062 /* HomeViewController.storyboard */; };
		D22D32D3283D193100E80062 /* FieldValidation.swift in Sources */ = {isa = PBXBuildFile; fileRef = D22D32D2283D193100E80062 /* FieldValidation.swift */; };
		D22D32D6283D221C00E80062 /* LoginOptionTableViewCell.swift in Sources */ = {isa = PBXBuildFile; fileRef = D22D32D5283D221C00E80062 /* LoginOptionTableViewCell.swift */; };
		D22D32D8283D222500E80062 /* LoginOptionTableViewCell.xib in Resources */ = {isa = PBXBuildFile; fileRef = D22D32D7283D222500E80062 /* LoginOptionTableViewCell.xib */; };
		D2313BFA283BB90A004D6C1C /* CognitoNetworkingService.swift in Sources */ = {isa = PBXBuildFile; fileRef = D2313BF9283BB90A004D6C1C /* CognitoNetworkingService.swift */; };
		D2313BFF283BBF18004D6C1C /* StringExtension.swift in Sources */ = {isa = PBXBuildFile; fileRef = D2313BFE283BBF18004D6C1C /* StringExtension.swift */; };
		D2313C02283BE119004D6C1C /* ResetPasswordViewController.swift in Sources */ = {isa = PBXBuildFile; fileRef = D2313C01283BE119004D6C1C /* ResetPasswordViewController.swift */; };
		D2313C04283BE17B004D6C1C /* ResetPasswordViewController.storyboard in Resources */ = {isa = PBXBuildFile; fileRef = D2313C03283BE17B004D6C1C /* ResetPasswordViewController.storyboard */; };
		D231BAE12835202A009DD137 /* PreviewCollectionViewCell.swift in Sources */ = {isa = PBXBuildFile; fileRef = D231BAE02835202A009DD137 /* PreviewCollectionViewCell.swift */; };
		D231BAE3283526BD009DD137 /* PreviewCollectionViewCell.xib in Resources */ = {isa = PBXBuildFile; fileRef = D231BAE2283526BD009DD137 /* PreviewCollectionViewCell.xib */; };
		D231BAE528352B13009DD137 /* Preview.swift in Sources */ = {isa = PBXBuildFile; fileRef = D231BAE428352B13009DD137 /* Preview.swift */; };
		D231BAEA2835317B009DD137 /* SignUpViewController.swift in Sources */ = {isa = PBXBuildFile; fileRef = D231BAE92835317B009DD137 /* SignUpViewController.swift */; };
		D231BAEC28353184009DD137 /* SignUpViewController.storyboard in Resources */ = {isa = PBXBuildFile; fileRef = D231BAEB28353184009DD137 /* SignUpViewController.storyboard */; };
		D231BAEE28353191009DD137 /* LoginViewController.swift in Sources */ = {isa = PBXBuildFile; fileRef = D231BAED28353191009DD137 /* LoginViewController.swift */; };
		D231BAF028353199009DD137 /* LoginViewController.storyboard in Resources */ = {isa = PBXBuildFile; fileRef = D231BAEF28353199009DD137 /* LoginViewController.storyboard */; };
		D231BAF2283531AA009DD137 /* ForgotPasswordViewController.swift in Sources */ = {isa = PBXBuildFile; fileRef = D231BAF1283531AA009DD137 /* ForgotPasswordViewController.swift */; };
		D231BAF4283531B3009DD137 /* ForgotPasswordViewController.storyboard in Resources */ = {isa = PBXBuildFile; fileRef = D231BAF3283531B3009DD137 /* ForgotPasswordViewController.storyboard */; };
		D231BAF828354FB7009DD137 /* TermsViewController.swift in Sources */ = {isa = PBXBuildFile; fileRef = D231BAF728354FB7009DD137 /* TermsViewController.swift */; };
		D231BAFA28354FBD009DD137 /* TermsViewController.storyboard in Resources */ = {isa = PBXBuildFile; fileRef = D231BAF928354FBD009DD137 /* TermsViewController.storyboard */; };
		D28A8F2B2846457900EF4A15 /* MenuTableViewCell.swift in Sources */ = {isa = PBXBuildFile; fileRef = D28A8F2A2846457900EF4A15 /* MenuTableViewCell.swift */; };
		D28A8F2D2846468A00EF4A15 /* MenuTableViewCell.xib in Resources */ = {isa = PBXBuildFile; fileRef = D28A8F2C2846468A00EF4A15 /* MenuTableViewCell.xib */; };
		D28A8F30284651BD00EF4A15 /* LineTextField.swift in Sources */ = {isa = PBXBuildFile; fileRef = D28A8F2F284651BD00EF4A15 /* LineTextField.swift */; };
		D28A8F332846540600EF4A15 /* LineTextView.xib in Resources */ = {isa = PBXBuildFile; fileRef = D28A8F322846540600EF4A15 /* LineTextView.xib */; };
		D28CF54A284510AE0057C231 /* MenuViewController.swift in Sources */ = {isa = PBXBuildFile; fileRef = D28CF549284510AE0057C231 /* MenuViewController.swift */; };
		D28CF54C284510C50057C231 /* MenuViewController.storyboard in Resources */ = {isa = PBXBuildFile; fileRef = D28CF54B284510C50057C231 /* MenuViewController.storyboard */; };
		D28CF550284520190057C231 /* AddProjectViewController.swift in Sources */ = {isa = PBXBuildFile; fileRef = D28CF54F284520190057C231 /* AddProjectViewController.swift */; };
		D28CF5522845206C0057C231 /* AddProjectViewController.storyboard in Resources */ = {isa = PBXBuildFile; fileRef = D28CF5512845206C0057C231 /* AddProjectViewController.storyboard */; };
		D28CF555284526FE0057C231 /* SpaceARViewController.swift in Sources */ = {isa = PBXBuildFile; fileRef = D28CF554284526FE0057C231 /* SpaceARViewController.swift */; };
		D28CF557284527640057C231 /* SpaceARViewController.storyboard in Resources */ = {isa = PBXBuildFile; fileRef = D28CF556284527640057C231 /* SpaceARViewController.storyboard */; };
		D2A3C793284A4FBF00449E7E /* UIViewControllerExtension.swift in Sources */ = {isa = PBXBuildFile; fileRef = D2A3C792284A4FBF00449E7E /* UIViewControllerExtension.swift */; };
		D2AED3452857695D007EA80D /* UIColorExtension.swift in Sources */ = {isa = PBXBuildFile; fileRef = D2AED3442857695D007EA80D /* UIColorExtension.swift */; };
		D2AED34728576E79007EA80D /* UITextViewExtension.swift in Sources */ = {isa = PBXBuildFile; fileRef = D2AED34628576E79007EA80D /* UITextViewExtension.swift */; };
		D2AED34928578F07007EA80D /* UIButtonExtension.swift in Sources */ = {isa = PBXBuildFile; fileRef = D2AED34828578F07007EA80D /* UIButtonExtension.swift */; };
		D2B2230D283274F4003D2C2D /* AppDelegate.swift in Sources */ = {isa = PBXBuildFile; fileRef = D2B2230C283274F4003D2C2D /* AppDelegate.swift */; };
		D2B2230F283274F4003D2C2D /* ViewController.swift in Sources */ = {isa = PBXBuildFile; fileRef = D2B2230E283274F4003D2C2D /* ViewController.swift */; };
		D2B22311283274F4003D2C2D /* Experience.rcproject in Sources */ = {isa = PBXBuildFile; fileRef = D2B22310283274F4003D2C2D /* Experience.rcproject */; };
		D2B22314283274F4003D2C2D /* Main.storyboard in Resources */ = {isa = PBXBuildFile; fileRef = D2B22312283274F4003D2C2D /* Main.storyboard */; };
		D2B22316283274F5003D2C2D /* Assets.xcassets in Resources */ = {isa = PBXBuildFile; fileRef = D2B22315283274F5003D2C2D /* Assets.xcassets */; };
		D2B22319283274F5003D2C2D /* LaunchScreen.storyboard in Resources */ = {isa = PBXBuildFile; fileRef = D2B22317283274F5003D2C2D /* LaunchScreen.storyboard */; };
		D2B2232E28327D15003D2C2D /* StartViewController.swift in Sources */ = {isa = PBXBuildFile; fileRef = D2B2232D28327D15003D2C2D /* StartViewController.swift */; };
		D2B2233028327EAD003D2C2D /* PreviewViewController.swift in Sources */ = {isa = PBXBuildFile; fileRef = D2B2232F28327EAD003D2C2D /* PreviewViewController.swift */; };
		D2B22336283284B8003D2C2D /* R.generated.swift in Sources */ = {isa = PBXBuildFile; fileRef = D2B22335283284B8003D2C2D /* R.generated.swift */; };
		D2B2233828328D75003D2C2D /* Project.swift in Sources */ = {isa = PBXBuildFile; fileRef = D2B2233728328D75003D2C2D /* Project.swift */; };
		D2B2233A28328D7E003D2C2D /* User.swift in Sources */ = {isa = PBXBuildFile; fileRef = D2B2233928328D7E003D2C2D /* User.swift */; };
		D2B2233C28328D86003D2C2D /* Space.swift in Sources */ = {isa = PBXBuildFile; fileRef = D2B2233B28328D86003D2C2D /* Space.swift */; };
		D2B2233E28328D8E003D2C2D /* Material.swift in Sources */ = {isa = PBXBuildFile; fileRef = D2B2233D28328D8E003D2C2D /* Material.swift */; };
		D2B2234028328D95003D2C2D /* Tier.swift in Sources */ = {isa = PBXBuildFile; fileRef = D2B2233F28328D95003D2C2D /* Tier.swift */; };
		D2B2234228328DE5003D2C2D /* ProjectNetworkingService.swift in Sources */ = {isa = PBXBuildFile; fileRef = D2B2234128328DE5003D2C2D /* ProjectNetworkingService.swift */; };
		D2B2234528328F23003D2C2D /* ProjectAPIService.swift in Sources */ = {isa = PBXBuildFile; fileRef = D2B2234428328F23003D2C2D /* ProjectAPIService.swift */; };
		D2B2234C28328F82003D2C2D /* TierAPIService.swift in Sources */ = {isa = PBXBuildFile; fileRef = D2B2234B28328F82003D2C2D /* TierAPIService.swift */; };
		D2B2234E28328F8D003D2C2D /* TierNetworkingService.swift in Sources */ = {isa = PBXBuildFile; fileRef = D2B2234D28328F8D003D2C2D /* TierNetworkingService.swift */; };
		D2B2235028328F9C003D2C2D /* MaterialAPIService.swift in Sources */ = {isa = PBXBuildFile; fileRef = D2B2234F28328F9C003D2C2D /* MaterialAPIService.swift */; };
		D2B2235228328FAC003D2C2D /* MaterialNetworkingService.swift in Sources */ = {isa = PBXBuildFile; fileRef = D2B2235128328FAC003D2C2D /* MaterialNetworkingService.swift */; };
		D2B2235428328FB7003D2C2D /* SpaceNetworkingService.swift in Sources */ = {isa = PBXBuildFile; fileRef = D2B2235328328FB7003D2C2D /* SpaceNetworkingService.swift */; };
		D2B2235628328FC0003D2C2D /* SpaceAPIService.swift in Sources */ = {isa = PBXBuildFile; fileRef = D2B2235528328FC0003D2C2D /* SpaceAPIService.swift */; };
		D2B2235828328FD0003D2C2D /* UserNetworkingService.swift in Sources */ = {isa = PBXBuildFile; fileRef = D2B2235728328FD0003D2C2D /* UserNetworkingService.swift */; };
		D2B2235A28328FEE003D2C2D /* UserAPIService.swift in Sources */ = {isa = PBXBuildFile; fileRef = D2B2235928328FEE003D2C2D /* UserAPIService.swift */; };
		D2B2235C28329F2C003D2C2D /* NSErrorExtension.swift in Sources */ = {isa = PBXBuildFile; fileRef = D2B2235B28329F2C003D2C2D /* NSErrorExtension.swift */; };
		D2B2235F2832A891003D2C2D /* Store.swift in Sources */ = {isa = PBXBuildFile; fileRef = D2B2235E2832A891003D2C2D /* Store.swift */; };
		D2B223612832AA16003D2C2D /* Localizable.strings in Resources */ = {isa = PBXBuildFile; fileRef = D2B223602832AA16003D2C2D /* Localizable.strings */; };
		D2B223632832AF62003D2C2D /* StartViewController.storyboard in Resources */ = {isa = PBXBuildFile; fileRef = D2B223622832AF62003D2C2D /* StartViewController.storyboard */; };
		D2B223652832AF75003D2C2D /* PreviewViewController.storyboard in Resources */ = {isa = PBXBuildFile; fileRef = D2B223642832AF75003D2C2D /* PreviewViewController.storyboard */; };
		D2C062752847A1930022A6DD /* awsconfiguration.json in Resources */ = {isa = PBXBuildFile; fileRef = D2C062742847A1930022A6DD /* awsconfiguration.json */; };
		D2C062782847A56B0022A6DD /* AWSErrorExtension.swift in Sources */ = {isa = PBXBuildFile; fileRef = D2C062772847A56B0022A6DD /* AWSErrorExtension.swift */; };
		D2C9E9D9284F8F0E006E3E25 /* MenuTabBarController.swift in Sources */ = {isa = PBXBuildFile; fileRef = D2C9E9D8284F8F0E006E3E25 /* MenuTabBarController.swift */; };
		D2C9E9DB284F8F6A006E3E25 /* MenuTabBarController.storyboard in Resources */ = {isa = PBXBuildFile; fileRef = D2C9E9DA284F8F6A006E3E25 /* MenuTabBarController.storyboard */; };
		D2C9E9DD284F9468006E3E25 /* ProjectListViewController.swift in Sources */ = {isa = PBXBuildFile; fileRef = D2C9E9DC284F9468006E3E25 /* ProjectListViewController.swift */; };
		D2C9E9DF284F94CA006E3E25 /* ProjectListViewController.storyboard in Resources */ = {isa = PBXBuildFile; fileRef = D2C9E9DE284F94CA006E3E25 /* ProjectListViewController.storyboard */; };
		D2C9E9E3284F9538006E3E25 /* MaterialListViewController.swift in Sources */ = {isa = PBXBuildFile; fileRef = D2C9E9E2284F9538006E3E25 /* MaterialListViewController.swift */; };
		D2C9E9E5284F958B006E3E25 /* MaterialListViewController.storyboard in Resources */ = {isa = PBXBuildFile; fileRef = D2C9E9E4284F958B006E3E25 /* MaterialListViewController.storyboard */; };
		D2C9E9E7284F9686006E3E25 /* AccountViewController.swift in Sources */ = {isa = PBXBuildFile; fileRef = D2C9E9E6284F9686006E3E25 /* AccountViewController.swift */; };
		D2C9E9E9284F96A7006E3E25 /* AccountViewController.storyboard in Resources */ = {isa = PBXBuildFile; fileRef = D2C9E9E8284F96A7006E3E25 /* AccountViewController.storyboard */; };
		D2EB886E2850D4E000AC2FBD /* PreviewNetworkingService.swift in Sources */ = {isa = PBXBuildFile; fileRef = D2EB886D2850D4E000AC2FBD /* PreviewNetworkingService.swift */; };
		D2EB88702850D4EE00AC2FBD /* PreviewAPIService.swift in Sources */ = {isa = PBXBuildFile; fileRef = D2EB886F2850D4EE00AC2FBD /* PreviewAPIService.swift */; };
		D2EB89732850E38E00AC2FBD /* OpenSans-Italic-VariableFont_wdth,wght.ttf in Resources */ = {isa = PBXBuildFile; fileRef = D2EB89332850E38E00AC2FBD /* OpenSans-Italic-VariableFont_wdth,wght.ttf */; };
		D2EB89742850E38E00AC2FBD /* OpenSans_SemiCondensed-MediumItalic.ttf in Resources */ = {isa = PBXBuildFile; fileRef = D2EB89362850E38E00AC2FBD /* OpenSans_SemiCondensed-MediumItalic.ttf */; };
		D2EB89752850E38E00AC2FBD /* OpenSans_SemiCondensed-Regular.ttf in Resources */ = {isa = PBXBuildFile; fileRef = D2EB89372850E38E00AC2FBD /* OpenSans_SemiCondensed-Regular.ttf */; };
		D2EB89762850E38E00AC2FBD /* OpenSans_SemiCondensed-Bold.ttf in Resources */ = {isa = PBXBuildFile; fileRef = D2EB89382850E38E00AC2FBD /* OpenSans_SemiCondensed-Bold.ttf */; };
		D2EB89772850E38E00AC2FBD /* OpenSans_SemiCondensed-Light.ttf in Resources */ = {isa = PBXBuildFile; fileRef = D2EB89392850E38E00AC2FBD /* OpenSans_SemiCondensed-Light.ttf */; };
		D2EB89782850E38E00AC2FBD /* OpenSans_SemiCondensed-SemiBoldItalic.ttf in Resources */ = {isa = PBXBuildFile; fileRef = D2EB893A2850E38E00AC2FBD /* OpenSans_SemiCondensed-SemiBoldItalic.ttf */; };
		D2EB89792850E38E00AC2FBD /* OpenSans_SemiCondensed-SemiBold.ttf in Resources */ = {isa = PBXBuildFile; fileRef = D2EB893B2850E38E00AC2FBD /* OpenSans_SemiCondensed-SemiBold.ttf */; };
		D2EB897A2850E38E00AC2FBD /* OpenSans_SemiCondensed-Medium.ttf in Resources */ = {isa = PBXBuildFile; fileRef = D2EB893C2850E38E00AC2FBD /* OpenSans_SemiCondensed-Medium.ttf */; };
		D2EB897B2850E38E00AC2FBD /* OpenSans_SemiCondensed-ExtraBold.ttf in Resources */ = {isa = PBXBuildFile; fileRef = D2EB893D2850E38E00AC2FBD /* OpenSans_SemiCondensed-ExtraBold.ttf */; };
		D2EB897C2850E38E00AC2FBD /* OpenSans_SemiCondensed-LightItalic.ttf in Resources */ = {isa = PBXBuildFile; fileRef = D2EB893E2850E38E00AC2FBD /* OpenSans_SemiCondensed-LightItalic.ttf */; };
		D2EB897D2850E38E00AC2FBD /* OpenSans_SemiCondensed-Italic.ttf in Resources */ = {isa = PBXBuildFile; fileRef = D2EB893F2850E38E00AC2FBD /* OpenSans_SemiCondensed-Italic.ttf */; };
		D2EB897E2850E38E00AC2FBD /* OpenSans_SemiCondensed-BoldItalic.ttf in Resources */ = {isa = PBXBuildFile; fileRef = D2EB89402850E38E00AC2FBD /* OpenSans_SemiCondensed-BoldItalic.ttf */; };
		D2EB897F2850E38E00AC2FBD /* OpenSans_SemiCondensed-ExtraBoldItalic.ttf in Resources */ = {isa = PBXBuildFile; fileRef = D2EB89412850E38E00AC2FBD /* OpenSans_SemiCondensed-ExtraBoldItalic.ttf */; };
		D2EB89802850E38E00AC2FBD /* OpenSans_Condensed-Medium.ttf in Resources */ = {isa = PBXBuildFile; fileRef = D2EB89432850E38E00AC2FBD /* OpenSans_Condensed-Medium.ttf */; };
		D2EB89812850E38E00AC2FBD /* OpenSans_Condensed-ExtraBold.ttf in Resources */ = {isa = PBXBuildFile; fileRef = D2EB89442850E38E00AC2FBD /* OpenSans_Condensed-ExtraBold.ttf */; };
		D2EB89822850E38E00AC2FBD /* OpenSans_Condensed-SemiBold.ttf in Resources */ = {isa = PBXBuildFile; fileRef = D2EB89452850E38E00AC2FBD /* OpenSans_Condensed-SemiBold.ttf */; };
		D2EB89832850E38E00AC2FBD /* OpenSans_Condensed-LightItalic.ttf in Resources */ = {isa = PBXBuildFile; fileRef = D2EB89462850E38E00AC2FBD /* OpenSans_Condensed-LightItalic.ttf */; };
		D2EB89842850E38E00AC2FBD /* OpenSans_Condensed-Bold.ttf in Resources */ = {isa = PBXBuildFile; fileRef = D2EB89472850E38E00AC2FBD /* OpenSans_Condensed-Bold.ttf */; };
		D2EB89852850E38E00AC2FBD /* OpenSans_Condensed-Light.ttf in Resources */ = {isa = PBXBuildFile; fileRef = D2EB89482850E38E00AC2FBD /* OpenSans_Condensed-Light.ttf */; };
		D2EB89862850E38E00AC2FBD /* OpenSans_Condensed-SemiBoldItalic.ttf in Resources */ = {isa = PBXBuildFile; fileRef = D2EB89492850E38E00AC2FBD /* OpenSans_Condensed-SemiBoldItalic.ttf */; };
		D2EB89872850E38E00AC2FBD /* OpenSans_Condensed-BoldItalic.ttf in Resources */ = {isa = PBXBuildFile; fileRef = D2EB894A2850E38E00AC2FBD /* OpenSans_Condensed-BoldItalic.ttf */; };
		D2EB89882850E38E00AC2FBD /* OpenSans_Condensed-MediumItalic.ttf in Resources */ = {isa = PBXBuildFile; fileRef = D2EB894B2850E38E00AC2FBD /* OpenSans_Condensed-MediumItalic.ttf */; };
		D2EB89892850E38E00AC2FBD /* OpenSans_Condensed-Regular.ttf in Resources */ = {isa = PBXBuildFile; fileRef = D2EB894C2850E38E00AC2FBD /* OpenSans_Condensed-Regular.ttf */; };
		D2EB898A2850E38E00AC2FBD /* OpenSans_Condensed-ExtraBoldItalic.ttf in Resources */ = {isa = PBXBuildFile; fileRef = D2EB894D2850E38E00AC2FBD /* OpenSans_Condensed-ExtraBoldItalic.ttf */; };
		D2EB898B2850E38E00AC2FBD /* OpenSans_Condensed-Italic.ttf in Resources */ = {isa = PBXBuildFile; fileRef = D2EB894E2850E38E00AC2FBD /* OpenSans_Condensed-Italic.ttf */; };
		D2EB898C2850E38E00AC2FBD /* OpenSans-SemiBold.ttf in Resources */ = {isa = PBXBuildFile; fileRef = D2EB89502850E38E00AC2FBD /* OpenSans-SemiBold.ttf */; };
		D2EB898D2850E38E00AC2FBD /* OpenSans-Light.ttf in Resources */ = {isa = PBXBuildFile; fileRef = D2EB89512850E38E00AC2FBD /* OpenSans-Light.ttf */; };
		D2EB898E2850E38E00AC2FBD /* OpenSans-Italic.ttf in Resources */ = {isa = PBXBuildFile; fileRef = D2EB89522850E38E00AC2FBD /* OpenSans-Italic.ttf */; };
		D2EB898F2850E38E00AC2FBD /* OpenSans-MediumItalic.ttf in Resources */ = {isa = PBXBuildFile; fileRef = D2EB89532850E38E00AC2FBD /* OpenSans-MediumItalic.ttf */; };
		D2EB89902850E38E00AC2FBD /* OpenSans-ExtraBold.ttf in Resources */ = {isa = PBXBuildFile; fileRef = D2EB89542850E38E00AC2FBD /* OpenSans-ExtraBold.ttf */; };
		D2EB89912850E38E00AC2FBD /* OpenSans-LightItalic.ttf in Resources */ = {isa = PBXBuildFile; fileRef = D2EB89552850E38E00AC2FBD /* OpenSans-LightItalic.ttf */; };
		D2EB89922850E38E00AC2FBD /* OpenSans-Bold.ttf in Resources */ = {isa = PBXBuildFile; fileRef = D2EB89562850E38E00AC2FBD /* OpenSans-Bold.ttf */; };
		D2EB89932850E38E00AC2FBD /* OpenSans-SemiBoldItalic.ttf in Resources */ = {isa = PBXBuildFile; fileRef = D2EB89572850E38E00AC2FBD /* OpenSans-SemiBoldItalic.ttf */; };
		D2EB89942850E38E00AC2FBD /* OpenSans-Medium.ttf in Resources */ = {isa = PBXBuildFile; fileRef = D2EB89582850E38E00AC2FBD /* OpenSans-Medium.ttf */; };
		D2EB89952850E38E00AC2FBD /* OpenSans-ExtraBoldItalic.ttf in Resources */ = {isa = PBXBuildFile; fileRef = D2EB89592850E38E00AC2FBD /* OpenSans-ExtraBoldItalic.ttf */; };
		D2EB89962850E38E00AC2FBD /* OpenSans-Regular.ttf in Resources */ = {isa = PBXBuildFile; fileRef = D2EB895A2850E38E00AC2FBD /* OpenSans-Regular.ttf */; };
		D2EB89972850E38E00AC2FBD /* OpenSans-BoldItalic.ttf in Resources */ = {isa = PBXBuildFile; fileRef = D2EB895B2850E38E00AC2FBD /* OpenSans-BoldItalic.ttf */; };
		D2EB89982850E38E00AC2FBD /* README.txt in Resources */ = {isa = PBXBuildFile; fileRef = D2EB895C2850E38E00AC2FBD /* README.txt */; };
		D2EB89992850E38E00AC2FBD /* LICENSE.txt in Resources */ = {isa = PBXBuildFile; fileRef = D2EB895D2850E38E00AC2FBD /* LICENSE.txt */; };
		D2EB899A2850E38E00AC2FBD /* OpenSans-VariableFont_wdth,wght.ttf in Resources */ = {isa = PBXBuildFile; fileRef = D2EB895E2850E38E00AC2FBD /* OpenSans-VariableFont_wdth,wght.ttf */; };
		D2EB899B2850E38E00AC2FBD /* BarlowCondensed-BoldItalic.ttf in Resources */ = {isa = PBXBuildFile; fileRef = D2EB89602850E38E00AC2FBD /* BarlowCondensed-BoldItalic.ttf */; };
		D2EB899C2850E38E00AC2FBD /* BarlowCondensed-ThinItalic.ttf in Resources */ = {isa = PBXBuildFile; fileRef = D2EB89612850E38E00AC2FBD /* BarlowCondensed-ThinItalic.ttf */; };
		D2EB899D2850E38E00AC2FBD /* BarlowCondensed-BlackItalic.ttf in Resources */ = {isa = PBXBuildFile; fileRef = D2EB89622850E38E00AC2FBD /* BarlowCondensed-BlackItalic.ttf */; };
		D2EB899E2850E38E00AC2FBD /* BarlowCondensed-ExtraLight.ttf in Resources */ = {isa = PBXBuildFile; fileRef = D2EB89632850E38E00AC2FBD /* BarlowCondensed-ExtraLight.ttf */; };
		D2EB899F2850E38E00AC2FBD /* BarlowCondensed-Thin.ttf in Resources */ = {isa = PBXBuildFile; fileRef = D2EB89642850E38E00AC2FBD /* BarlowCondensed-Thin.ttf */; };
		D2EB89A02850E38E00AC2FBD /* BarlowCondensed-Bold.ttf in Resources */ = {isa = PBXBuildFile; fileRef = D2EB89652850E38E00AC2FBD /* BarlowCondensed-Bold.ttf */; };
		D2EB89A12850E38E00AC2FBD /* BarlowCondensed-Light.ttf in Resources */ = {isa = PBXBuildFile; fileRef = D2EB89662850E38E00AC2FBD /* BarlowCondensed-Light.ttf */; };
		D2EB89A22850E38E00AC2FBD /* BarlowCondensed-ExtraLightItalic.ttf in Resources */ = {isa = PBXBuildFile; fileRef = D2EB89672850E38E00AC2FBD /* BarlowCondensed-ExtraLightItalic.ttf */; };
		D2EB89A32850E38E00AC2FBD /* BarlowCondensed-Medium.ttf in Resources */ = {isa = PBXBuildFile; fileRef = D2EB89682850E38E00AC2FBD /* BarlowCondensed-Medium.ttf */; };
		D2EB89A42850E38E00AC2FBD /* BarlowCondensed-SemiBoldItalic.ttf in Resources */ = {isa = PBXBuildFile; fileRef = D2EB89692850E38E00AC2FBD /* BarlowCondensed-SemiBoldItalic.ttf */; };
		D2EB89A52850E38E00AC2FBD /* BarlowCondensed-MediumItalic.ttf in Resources */ = {isa = PBXBuildFile; fileRef = D2EB896A2850E38E00AC2FBD /* BarlowCondensed-MediumItalic.ttf */; };
		D2EB89A62850E38E00AC2FBD /* BarlowCondensed-LightItalic.ttf in Resources */ = {isa = PBXBuildFile; fileRef = D2EB896B2850E38E00AC2FBD /* BarlowCondensed-LightItalic.ttf */; };
		D2EB89A72850E38E00AC2FBD /* BarlowCondensed-Italic.ttf in Resources */ = {isa = PBXBuildFile; fileRef = D2EB896C2850E38E00AC2FBD /* BarlowCondensed-Italic.ttf */; };
		D2EB89A82850E38E00AC2FBD /* BarlowCondensed-Black.ttf in Resources */ = {isa = PBXBuildFile; fileRef = D2EB896D2850E38E00AC2FBD /* BarlowCondensed-Black.ttf */; };
		D2EB89A92850E38E00AC2FBD /* OFL.txt in Resources */ = {isa = PBXBuildFile; fileRef = D2EB896E2850E38E00AC2FBD /* OFL.txt */; };
		D2EB89AA2850E38E00AC2FBD /* BarlowCondensed-Regular.ttf in Resources */ = {isa = PBXBuildFile; fileRef = D2EB896F2850E38E00AC2FBD /* BarlowCondensed-Regular.ttf */; };
		D2EB89AB2850E38E00AC2FBD /* BarlowCondensed-SemiBold.ttf in Resources */ = {isa = PBXBuildFile; fileRef = D2EB89702850E38E00AC2FBD /* BarlowCondensed-SemiBold.ttf */; };
		D2EB89AC2850E38E00AC2FBD /* BarlowCondensed-ExtraBoldItalic.ttf in Resources */ = {isa = PBXBuildFile; fileRef = D2EB89712850E38E00AC2FBD /* BarlowCondensed-ExtraBoldItalic.ttf */; };
		D2EB89AD2850E38E00AC2FBD /* BarlowCondensed-ExtraBold.ttf in Resources */ = {isa = PBXBuildFile; fileRef = D2EB89722850E38E00AC2FBD /* BarlowCondensed-ExtraBold.ttf */; };
/* End PBXBuildFile section */

/* Begin PBXFileReference section */
		539DD7DBD4CA76A378B7051F /* Pods-ar-app.debug.xcconfig */ = {isa = PBXFileReference; includeInIndex = 1; lastKnownFileType = text.xcconfig; name = "Pods-ar-app.debug.xcconfig"; path = "Target Support Files/Pods-ar-app/Pods-ar-app.debug.xcconfig"; sourceTree = "<group>"; };
		673117DB0812178E824FB6A3 /* Pods-ar-app.release.xcconfig */ = {isa = PBXFileReference; includeInIndex = 1; lastKnownFileType = text.xcconfig; name = "Pods-ar-app.release.xcconfig"; path = "Target Support Files/Pods-ar-app/Pods-ar-app.release.xcconfig"; sourceTree = "<group>"; };
		78D877C839F3992403B7B29A /* Pods_ar_app.framework */ = {isa = PBXFileReference; explicitFileType = wrapper.framework; includeInIndex = 0; path = Pods_ar_app.framework; sourceTree = BUILT_PRODUCTS_DIR; };
		D211C2BB284E246C00189244 /* Global.swift */ = {isa = PBXFileReference; lastKnownFileType = sourcecode.swift; path = Global.swift; sourceTree = "<group>"; };
		D211C2BD284E271E00189244 /* AFSessionManager.swift */ = {isa = PBXFileReference; lastKnownFileType = sourcecode.swift; path = AFSessionManager.swift; sourceTree = "<group>"; };
		D22D32CB283D02C600E80062 /* UIViewExtension.swift */ = {isa = PBXFileReference; lastKnownFileType = sourcecode.swift; path = UIViewExtension.swift; sourceTree = "<group>"; };
		D22D32CD283D05D200E80062 /* HomeViewController.swift */ = {isa = PBXFileReference; lastKnownFileType = sourcecode.swift; path = HomeViewController.swift; sourceTree = "<group>"; };
		D22D32CF283D062E00E80062 /* HomeViewController.storyboard */ = {isa = PBXFileReference; lastKnownFileType = file.storyboard; path = HomeViewController.storyboard; sourceTree = "<group>"; };
		D22D32D2283D193100E80062 /* FieldValidation.swift */ = {isa = PBXFileReference; lastKnownFileType = sourcecode.swift; path = FieldValidation.swift; sourceTree = "<group>"; };
		D22D32D5283D221C00E80062 /* LoginOptionTableViewCell.swift */ = {isa = PBXFileReference; lastKnownFileType = sourcecode.swift; path = LoginOptionTableViewCell.swift; sourceTree = "<group>"; };
		D22D32D7283D222500E80062 /* LoginOptionTableViewCell.xib */ = {isa = PBXFileReference; lastKnownFileType = file.xib; path = LoginOptionTableViewCell.xib; sourceTree = "<group>"; };
		D2313BF9283BB90A004D6C1C /* CognitoNetworkingService.swift */ = {isa = PBXFileReference; lastKnownFileType = sourcecode.swift; path = CognitoNetworkingService.swift; sourceTree = "<group>"; };
		D2313BFE283BBF18004D6C1C /* StringExtension.swift */ = {isa = PBXFileReference; lastKnownFileType = sourcecode.swift; path = StringExtension.swift; sourceTree = "<group>"; };
		D2313C01283BE119004D6C1C /* ResetPasswordViewController.swift */ = {isa = PBXFileReference; lastKnownFileType = sourcecode.swift; path = ResetPasswordViewController.swift; sourceTree = "<group>"; };
		D2313C03283BE17B004D6C1C /* ResetPasswordViewController.storyboard */ = {isa = PBXFileReference; lastKnownFileType = file.storyboard; path = ResetPasswordViewController.storyboard; sourceTree = "<group>"; };
		D231BAE02835202A009DD137 /* PreviewCollectionViewCell.swift */ = {isa = PBXFileReference; lastKnownFileType = sourcecode.swift; path = PreviewCollectionViewCell.swift; sourceTree = "<group>"; };
		D231BAE2283526BD009DD137 /* PreviewCollectionViewCell.xib */ = {isa = PBXFileReference; lastKnownFileType = file.xib; path = PreviewCollectionViewCell.xib; sourceTree = "<group>"; };
		D231BAE428352B13009DD137 /* Preview.swift */ = {isa = PBXFileReference; lastKnownFileType = sourcecode.swift; path = Preview.swift; sourceTree = "<group>"; };
		D231BAE92835317B009DD137 /* SignUpViewController.swift */ = {isa = PBXFileReference; lastKnownFileType = sourcecode.swift; path = SignUpViewController.swift; sourceTree = "<group>"; };
		D231BAEB28353184009DD137 /* SignUpViewController.storyboard */ = {isa = PBXFileReference; lastKnownFileType = file.storyboard; path = SignUpViewController.storyboard; sourceTree = "<group>"; };
		D231BAED28353191009DD137 /* LoginViewController.swift */ = {isa = PBXFileReference; lastKnownFileType = sourcecode.swift; path = LoginViewController.swift; sourceTree = "<group>"; };
		D231BAEF28353199009DD137 /* LoginViewController.storyboard */ = {isa = PBXFileReference; lastKnownFileType = file.storyboard; path = LoginViewController.storyboard; sourceTree = "<group>"; };
		D231BAF1283531AA009DD137 /* ForgotPasswordViewController.swift */ = {isa = PBXFileReference; lastKnownFileType = sourcecode.swift; path = ForgotPasswordViewController.swift; sourceTree = "<group>"; };
		D231BAF3283531B3009DD137 /* ForgotPasswordViewController.storyboard */ = {isa = PBXFileReference; lastKnownFileType = file.storyboard; path = ForgotPasswordViewController.storyboard; sourceTree = "<group>"; };
		D231BAF728354FB7009DD137 /* TermsViewController.swift */ = {isa = PBXFileReference; lastKnownFileType = sourcecode.swift; path = TermsViewController.swift; sourceTree = "<group>"; };
		D231BAF928354FBD009DD137 /* TermsViewController.storyboard */ = {isa = PBXFileReference; lastKnownFileType = file.storyboard; path = TermsViewController.storyboard; sourceTree = "<group>"; };
		D28A8F2A2846457900EF4A15 /* MenuTableViewCell.swift */ = {isa = PBXFileReference; lastKnownFileType = sourcecode.swift; path = MenuTableViewCell.swift; sourceTree = "<group>"; };
		D28A8F2C2846468A00EF4A15 /* MenuTableViewCell.xib */ = {isa = PBXFileReference; lastKnownFileType = file.xib; path = MenuTableViewCell.xib; sourceTree = "<group>"; };
		D28A8F2F284651BD00EF4A15 /* LineTextField.swift */ = {isa = PBXFileReference; lastKnownFileType = sourcecode.swift; path = LineTextField.swift; sourceTree = "<group>"; };
		D28A8F322846540600EF4A15 /* LineTextView.xib */ = {isa = PBXFileReference; lastKnownFileType = file.xib; path = LineTextView.xib; sourceTree = "<group>"; };
		D28CF549284510AE0057C231 /* MenuViewController.swift */ = {isa = PBXFileReference; lastKnownFileType = sourcecode.swift; path = MenuViewController.swift; sourceTree = "<group>"; };
		D28CF54B284510C50057C231 /* MenuViewController.storyboard */ = {isa = PBXFileReference; lastKnownFileType = file.storyboard; path = MenuViewController.storyboard; sourceTree = "<group>"; };
		D28CF54F284520190057C231 /* AddProjectViewController.swift */ = {isa = PBXFileReference; lastKnownFileType = sourcecode.swift; path = AddProjectViewController.swift; sourceTree = "<group>"; };
		D28CF5512845206C0057C231 /* AddProjectViewController.storyboard */ = {isa = PBXFileReference; lastKnownFileType = file.storyboard; path = AddProjectViewController.storyboard; sourceTree = "<group>"; };
		D28CF554284526FE0057C231 /* SpaceARViewController.swift */ = {isa = PBXFileReference; lastKnownFileType = sourcecode.swift; path = SpaceARViewController.swift; sourceTree = "<group>"; };
		D28CF556284527640057C231 /* SpaceARViewController.storyboard */ = {isa = PBXFileReference; lastKnownFileType = file.storyboard; path = SpaceARViewController.storyboard; sourceTree = "<group>"; };
		D2A3C792284A4FBF00449E7E /* UIViewControllerExtension.swift */ = {isa = PBXFileReference; lastKnownFileType = sourcecode.swift; path = UIViewControllerExtension.swift; sourceTree = "<group>"; };
		D2AED3442857695D007EA80D /* UIColorExtension.swift */ = {isa = PBXFileReference; lastKnownFileType = sourcecode.swift; path = UIColorExtension.swift; sourceTree = "<group>"; };
		D2AED34628576E79007EA80D /* UITextViewExtension.swift */ = {isa = PBXFileReference; lastKnownFileType = sourcecode.swift; path = UITextViewExtension.swift; sourceTree = "<group>"; };
		D2AED34828578F07007EA80D /* UIButtonExtension.swift */ = {isa = PBXFileReference; lastKnownFileType = sourcecode.swift; path = UIButtonExtension.swift; sourceTree = "<group>"; };
		D2B22309283274F4003D2C2D /* ar-app.app */ = {isa = PBXFileReference; explicitFileType = wrapper.application; includeInIndex = 0; path = "ar-app.app"; sourceTree = BUILT_PRODUCTS_DIR; };
		D2B2230C283274F4003D2C2D /* AppDelegate.swift */ = {isa = PBXFileReference; lastKnownFileType = sourcecode.swift; path = AppDelegate.swift; sourceTree = "<group>"; };
		D2B2230E283274F4003D2C2D /* ViewController.swift */ = {isa = PBXFileReference; lastKnownFileType = sourcecode.swift; path = ViewController.swift; sourceTree = "<group>"; };
		D2B22310283274F4003D2C2D /* Experience.rcproject */ = {isa = PBXFileReference; lastKnownFileType = file.rcproject; path = Experience.rcproject; sourceTree = "<group>"; };
		D2B22313283274F4003D2C2D /* Base */ = {isa = PBXFileReference; lastKnownFileType = file.storyboard; name = Base; path = Base.lproj/Main.storyboard; sourceTree = "<group>"; };
		D2B22315283274F5003D2C2D /* Assets.xcassets */ = {isa = PBXFileReference; lastKnownFileType = folder.assetcatalog; path = Assets.xcassets; sourceTree = "<group>"; };
		D2B22318283274F5003D2C2D /* Base */ = {isa = PBXFileReference; lastKnownFileType = file.storyboard; name = Base; path = Base.lproj/LaunchScreen.storyboard; sourceTree = "<group>"; };
		D2B2232D28327D15003D2C2D /* StartViewController.swift */ = {isa = PBXFileReference; lastKnownFileType = sourcecode.swift; path = StartViewController.swift; sourceTree = "<group>"; };
		D2B2232F28327EAD003D2C2D /* PreviewViewController.swift */ = {isa = PBXFileReference; lastKnownFileType = sourcecode.swift; path = PreviewViewController.swift; sourceTree = "<group>"; };
		D2B22335283284B8003D2C2D /* R.generated.swift */ = {isa = PBXFileReference; fileEncoding = 4; lastKnownFileType = sourcecode.swift; path = R.generated.swift; sourceTree = SOURCE_ROOT; };
		D2B2233728328D75003D2C2D /* Project.swift */ = {isa = PBXFileReference; lastKnownFileType = sourcecode.swift; path = Project.swift; sourceTree = "<group>"; };
		D2B2233928328D7E003D2C2D /* User.swift */ = {isa = PBXFileReference; lastKnownFileType = sourcecode.swift; path = User.swift; sourceTree = "<group>"; };
		D2B2233B28328D86003D2C2D /* Space.swift */ = {isa = PBXFileReference; lastKnownFileType = sourcecode.swift; path = Space.swift; sourceTree = "<group>"; };
		D2B2233D28328D8E003D2C2D /* Material.swift */ = {isa = PBXFileReference; lastKnownFileType = sourcecode.swift; path = Material.swift; sourceTree = "<group>"; };
		D2B2233F28328D95003D2C2D /* Tier.swift */ = {isa = PBXFileReference; lastKnownFileType = sourcecode.swift; path = Tier.swift; sourceTree = "<group>"; };
		D2B2234128328DE5003D2C2D /* ProjectNetworkingService.swift */ = {isa = PBXFileReference; lastKnownFileType = sourcecode.swift; path = ProjectNetworkingService.swift; sourceTree = "<group>"; };
		D2B2234428328F23003D2C2D /* ProjectAPIService.swift */ = {isa = PBXFileReference; lastKnownFileType = sourcecode.swift; path = ProjectAPIService.swift; sourceTree = "<group>"; };
		D2B2234B28328F82003D2C2D /* TierAPIService.swift */ = {isa = PBXFileReference; lastKnownFileType = sourcecode.swift; path = TierAPIService.swift; sourceTree = "<group>"; };
		D2B2234D28328F8D003D2C2D /* TierNetworkingService.swift */ = {isa = PBXFileReference; lastKnownFileType = sourcecode.swift; path = TierNetworkingService.swift; sourceTree = "<group>"; };
		D2B2234F28328F9C003D2C2D /* MaterialAPIService.swift */ = {isa = PBXFileReference; lastKnownFileType = sourcecode.swift; path = MaterialAPIService.swift; sourceTree = "<group>"; };
		D2B2235128328FAC003D2C2D /* MaterialNetworkingService.swift */ = {isa = PBXFileReference; lastKnownFileType = sourcecode.swift; path = MaterialNetworkingService.swift; sourceTree = "<group>"; };
		D2B2235328328FB7003D2C2D /* SpaceNetworkingService.swift */ = {isa = PBXFileReference; lastKnownFileType = sourcecode.swift; path = SpaceNetworkingService.swift; sourceTree = "<group>"; };
		D2B2235528328FC0003D2C2D /* SpaceAPIService.swift */ = {isa = PBXFileReference; lastKnownFileType = sourcecode.swift; path = SpaceAPIService.swift; sourceTree = "<group>"; };
		D2B2235728328FD0003D2C2D /* UserNetworkingService.swift */ = {isa = PBXFileReference; lastKnownFileType = sourcecode.swift; path = UserNetworkingService.swift; sourceTree = "<group>"; };
		D2B2235928328FEE003D2C2D /* UserAPIService.swift */ = {isa = PBXFileReference; lastKnownFileType = sourcecode.swift; path = UserAPIService.swift; sourceTree = "<group>"; };
		D2B2235B28329F2C003D2C2D /* NSErrorExtension.swift */ = {isa = PBXFileReference; lastKnownFileType = sourcecode.swift; path = NSErrorExtension.swift; sourceTree = "<group>"; };
		D2B2235E2832A891003D2C2D /* Store.swift */ = {isa = PBXFileReference; lastKnownFileType = sourcecode.swift; path = Store.swift; sourceTree = "<group>"; };
		D2B223602832AA16003D2C2D /* Localizable.strings */ = {isa = PBXFileReference; lastKnownFileType = text.plist.strings; path = Localizable.strings; sourceTree = "<group>"; };
		D2B223622832AF62003D2C2D /* StartViewController.storyboard */ = {isa = PBXFileReference; lastKnownFileType = file.storyboard; path = StartViewController.storyboard; sourceTree = "<group>"; };
		D2B223642832AF75003D2C2D /* PreviewViewController.storyboard */ = {isa = PBXFileReference; lastKnownFileType = file.storyboard; path = PreviewViewController.storyboard; sourceTree = "<group>"; };
		D2C062742847A1930022A6DD /* awsconfiguration.json */ = {isa = PBXFileReference; lastKnownFileType = text.json; path = awsconfiguration.json; sourceTree = "<group>"; };
		D2C062772847A56B0022A6DD /* AWSErrorExtension.swift */ = {isa = PBXFileReference; lastKnownFileType = sourcecode.swift; path = AWSErrorExtension.swift; sourceTree = "<group>"; };
		D2C9E9D8284F8F0E006E3E25 /* MenuTabBarController.swift */ = {isa = PBXFileReference; lastKnownFileType = sourcecode.swift; path = MenuTabBarController.swift; sourceTree = "<group>"; };
		D2C9E9DA284F8F6A006E3E25 /* MenuTabBarController.storyboard */ = {isa = PBXFileReference; lastKnownFileType = file.storyboard; path = MenuTabBarController.storyboard; sourceTree = "<group>"; };
		D2C9E9DC284F9468006E3E25 /* ProjectListViewController.swift */ = {isa = PBXFileReference; lastKnownFileType = sourcecode.swift; path = ProjectListViewController.swift; sourceTree = "<group>"; };
		D2C9E9DE284F94CA006E3E25 /* ProjectListViewController.storyboard */ = {isa = PBXFileReference; lastKnownFileType = file.storyboard; path = ProjectListViewController.storyboard; sourceTree = "<group>"; };
		D2C9E9E2284F9538006E3E25 /* MaterialListViewController.swift */ = {isa = PBXFileReference; lastKnownFileType = sourcecode.swift; path = MaterialListViewController.swift; sourceTree = "<group>"; };
		D2C9E9E4284F958B006E3E25 /* MaterialListViewController.storyboard */ = {isa = PBXFileReference; lastKnownFileType = file.storyboard; path = MaterialListViewController.storyboard; sourceTree = "<group>"; };
		D2C9E9E6284F9686006E3E25 /* AccountViewController.swift */ = {isa = PBXFileReference; lastKnownFileType = sourcecode.swift; path = AccountViewController.swift; sourceTree = "<group>"; };
		D2C9E9E8284F96A7006E3E25 /* AccountViewController.storyboard */ = {isa = PBXFileReference; lastKnownFileType = file.storyboard; path = AccountViewController.storyboard; sourceTree = "<group>"; };
		D2EB886D2850D4E000AC2FBD /* PreviewNetworkingService.swift */ = {isa = PBXFileReference; lastKnownFileType = sourcecode.swift; path = PreviewNetworkingService.swift; sourceTree = "<group>"; };
		D2EB886F2850D4EE00AC2FBD /* PreviewAPIService.swift */ = {isa = PBXFileReference; lastKnownFileType = sourcecode.swift; path = PreviewAPIService.swift; sourceTree = "<group>"; };
		D2EB89332850E38E00AC2FBD /* OpenSans-Italic-VariableFont_wdth,wght.ttf */ = {isa = PBXFileReference; lastKnownFileType = file; path = "OpenSans-Italic-VariableFont_wdth,wght.ttf"; sourceTree = "<group>"; };
		D2EB89362850E38E00AC2FBD /* OpenSans_SemiCondensed-MediumItalic.ttf */ = {isa = PBXFileReference; lastKnownFileType = file; path = "OpenSans_SemiCondensed-MediumItalic.ttf"; sourceTree = "<group>"; };
		D2EB89372850E38E00AC2FBD /* OpenSans_SemiCondensed-Regular.ttf */ = {isa = PBXFileReference; lastKnownFileType = file; path = "OpenSans_SemiCondensed-Regular.ttf"; sourceTree = "<group>"; };
		D2EB89382850E38E00AC2FBD /* OpenSans_SemiCondensed-Bold.ttf */ = {isa = PBXFileReference; lastKnownFileType = file; path = "OpenSans_SemiCondensed-Bold.ttf"; sourceTree = "<group>"; };
		D2EB89392850E38E00AC2FBD /* OpenSans_SemiCondensed-Light.ttf */ = {isa = PBXFileReference; lastKnownFileType = file; path = "OpenSans_SemiCondensed-Light.ttf"; sourceTree = "<group>"; };
		D2EB893A2850E38E00AC2FBD /* OpenSans_SemiCondensed-SemiBoldItalic.ttf */ = {isa = PBXFileReference; lastKnownFileType = file; path = "OpenSans_SemiCondensed-SemiBoldItalic.ttf"; sourceTree = "<group>"; };
		D2EB893B2850E38E00AC2FBD /* OpenSans_SemiCondensed-SemiBold.ttf */ = {isa = PBXFileReference; lastKnownFileType = file; path = "OpenSans_SemiCondensed-SemiBold.ttf"; sourceTree = "<group>"; };
		D2EB893C2850E38E00AC2FBD /* OpenSans_SemiCondensed-Medium.ttf */ = {isa = PBXFileReference; lastKnownFileType = file; path = "OpenSans_SemiCondensed-Medium.ttf"; sourceTree = "<group>"; };
		D2EB893D2850E38E00AC2FBD /* OpenSans_SemiCondensed-ExtraBold.ttf */ = {isa = PBXFileReference; lastKnownFileType = file; path = "OpenSans_SemiCondensed-ExtraBold.ttf"; sourceTree = "<group>"; };
		D2EB893E2850E38E00AC2FBD /* OpenSans_SemiCondensed-LightItalic.ttf */ = {isa = PBXFileReference; lastKnownFileType = file; path = "OpenSans_SemiCondensed-LightItalic.ttf"; sourceTree = "<group>"; };
		D2EB893F2850E38E00AC2FBD /* OpenSans_SemiCondensed-Italic.ttf */ = {isa = PBXFileReference; lastKnownFileType = file; path = "OpenSans_SemiCondensed-Italic.ttf"; sourceTree = "<group>"; };
		D2EB89402850E38E00AC2FBD /* OpenSans_SemiCondensed-BoldItalic.ttf */ = {isa = PBXFileReference; lastKnownFileType = file; path = "OpenSans_SemiCondensed-BoldItalic.ttf"; sourceTree = "<group>"; };
		D2EB89412850E38E00AC2FBD /* OpenSans_SemiCondensed-ExtraBoldItalic.ttf */ = {isa = PBXFileReference; lastKnownFileType = file; path = "OpenSans_SemiCondensed-ExtraBoldItalic.ttf"; sourceTree = "<group>"; };
		D2EB89432850E38E00AC2FBD /* OpenSans_Condensed-Medium.ttf */ = {isa = PBXFileReference; lastKnownFileType = file; path = "OpenSans_Condensed-Medium.ttf"; sourceTree = "<group>"; };
		D2EB89442850E38E00AC2FBD /* OpenSans_Condensed-ExtraBold.ttf */ = {isa = PBXFileReference; lastKnownFileType = file; path = "OpenSans_Condensed-ExtraBold.ttf"; sourceTree = "<group>"; };
		D2EB89452850E38E00AC2FBD /* OpenSans_Condensed-SemiBold.ttf */ = {isa = PBXFileReference; lastKnownFileType = file; path = "OpenSans_Condensed-SemiBold.ttf"; sourceTree = "<group>"; };
		D2EB89462850E38E00AC2FBD /* OpenSans_Condensed-LightItalic.ttf */ = {isa = PBXFileReference; lastKnownFileType = file; path = "OpenSans_Condensed-LightItalic.ttf"; sourceTree = "<group>"; };
		D2EB89472850E38E00AC2FBD /* OpenSans_Condensed-Bold.ttf */ = {isa = PBXFileReference; lastKnownFileType = file; path = "OpenSans_Condensed-Bold.ttf"; sourceTree = "<group>"; };
		D2EB89482850E38E00AC2FBD /* OpenSans_Condensed-Light.ttf */ = {isa = PBXFileReference; lastKnownFileType = file; path = "OpenSans_Condensed-Light.ttf"; sourceTree = "<group>"; };
		D2EB89492850E38E00AC2FBD /* OpenSans_Condensed-SemiBoldItalic.ttf */ = {isa = PBXFileReference; lastKnownFileType = file; path = "OpenSans_Condensed-SemiBoldItalic.ttf"; sourceTree = "<group>"; };
		D2EB894A2850E38E00AC2FBD /* OpenSans_Condensed-BoldItalic.ttf */ = {isa = PBXFileReference; lastKnownFileType = file; path = "OpenSans_Condensed-BoldItalic.ttf"; sourceTree = "<group>"; };
		D2EB894B2850E38E00AC2FBD /* OpenSans_Condensed-MediumItalic.ttf */ = {isa = PBXFileReference; lastKnownFileType = file; path = "OpenSans_Condensed-MediumItalic.ttf"; sourceTree = "<group>"; };
		D2EB894C2850E38E00AC2FBD /* OpenSans_Condensed-Regular.ttf */ = {isa = PBXFileReference; lastKnownFileType = file; path = "OpenSans_Condensed-Regular.ttf"; sourceTree = "<group>"; };
		D2EB894D2850E38E00AC2FBD /* OpenSans_Condensed-ExtraBoldItalic.ttf */ = {isa = PBXFileReference; lastKnownFileType = file; path = "OpenSans_Condensed-ExtraBoldItalic.ttf"; sourceTree = "<group>"; };
		D2EB894E2850E38E00AC2FBD /* OpenSans_Condensed-Italic.ttf */ = {isa = PBXFileReference; lastKnownFileType = file; path = "OpenSans_Condensed-Italic.ttf"; sourceTree = "<group>"; };
		D2EB89502850E38E00AC2FBD /* OpenSans-SemiBold.ttf */ = {isa = PBXFileReference; lastKnownFileType = file; path = "OpenSans-SemiBold.ttf"; sourceTree = "<group>"; };
		D2EB89512850E38E00AC2FBD /* OpenSans-Light.ttf */ = {isa = PBXFileReference; lastKnownFileType = file; path = "OpenSans-Light.ttf"; sourceTree = "<group>"; };
		D2EB89522850E38E00AC2FBD /* OpenSans-Italic.ttf */ = {isa = PBXFileReference; lastKnownFileType = file; path = "OpenSans-Italic.ttf"; sourceTree = "<group>"; };
		D2EB89532850E38E00AC2FBD /* OpenSans-MediumItalic.ttf */ = {isa = PBXFileReference; lastKnownFileType = file; path = "OpenSans-MediumItalic.ttf"; sourceTree = "<group>"; };
		D2EB89542850E38E00AC2FBD /* OpenSans-ExtraBold.ttf */ = {isa = PBXFileReference; lastKnownFileType = file; path = "OpenSans-ExtraBold.ttf"; sourceTree = "<group>"; };
		D2EB89552850E38E00AC2FBD /* OpenSans-LightItalic.ttf */ = {isa = PBXFileReference; lastKnownFileType = file; path = "OpenSans-LightItalic.ttf"; sourceTree = "<group>"; };
		D2EB89562850E38E00AC2FBD /* OpenSans-Bold.ttf */ = {isa = PBXFileReference; lastKnownFileType = file; path = "OpenSans-Bold.ttf"; sourceTree = "<group>"; };
		D2EB89572850E38E00AC2FBD /* OpenSans-SemiBoldItalic.ttf */ = {isa = PBXFileReference; lastKnownFileType = file; path = "OpenSans-SemiBoldItalic.ttf"; sourceTree = "<group>"; };
		D2EB89582850E38E00AC2FBD /* OpenSans-Medium.ttf */ = {isa = PBXFileReference; lastKnownFileType = file; path = "OpenSans-Medium.ttf"; sourceTree = "<group>"; };
		D2EB89592850E38E00AC2FBD /* OpenSans-ExtraBoldItalic.ttf */ = {isa = PBXFileReference; lastKnownFileType = file; path = "OpenSans-ExtraBoldItalic.ttf"; sourceTree = "<group>"; };
		D2EB895A2850E38E00AC2FBD /* OpenSans-Regular.ttf */ = {isa = PBXFileReference; lastKnownFileType = file; path = "OpenSans-Regular.ttf"; sourceTree = "<group>"; };
		D2EB895B2850E38E00AC2FBD /* OpenSans-BoldItalic.ttf */ = {isa = PBXFileReference; lastKnownFileType = file; path = "OpenSans-BoldItalic.ttf"; sourceTree = "<group>"; };
		D2EB895C2850E38E00AC2FBD /* README.txt */ = {isa = PBXFileReference; fileEncoding = 4; lastKnownFileType = text; path = README.txt; sourceTree = "<group>"; };
		D2EB895D2850E38E00AC2FBD /* LICENSE.txt */ = {isa = PBXFileReference; fileEncoding = 4; lastKnownFileType = text; path = LICENSE.txt; sourceTree = "<group>"; };
		D2EB895E2850E38E00AC2FBD /* OpenSans-VariableFont_wdth,wght.ttf */ = {isa = PBXFileReference; lastKnownFileType = file; path = "OpenSans-VariableFont_wdth,wght.ttf"; sourceTree = "<group>"; };
		D2EB89602850E38E00AC2FBD /* BarlowCondensed-BoldItalic.ttf */ = {isa = PBXFileReference; lastKnownFileType = file; path = "BarlowCondensed-BoldItalic.ttf"; sourceTree = "<group>"; };
		D2EB89612850E38E00AC2FBD /* BarlowCondensed-ThinItalic.ttf */ = {isa = PBXFileReference; lastKnownFileType = file; path = "BarlowCondensed-ThinItalic.ttf"; sourceTree = "<group>"; };
		D2EB89622850E38E00AC2FBD /* BarlowCondensed-BlackItalic.ttf */ = {isa = PBXFileReference; lastKnownFileType = file; path = "BarlowCondensed-BlackItalic.ttf"; sourceTree = "<group>"; };
		D2EB89632850E38E00AC2FBD /* BarlowCondensed-ExtraLight.ttf */ = {isa = PBXFileReference; lastKnownFileType = file; path = "BarlowCondensed-ExtraLight.ttf"; sourceTree = "<group>"; };
		D2EB89642850E38E00AC2FBD /* BarlowCondensed-Thin.ttf */ = {isa = PBXFileReference; lastKnownFileType = file; path = "BarlowCondensed-Thin.ttf"; sourceTree = "<group>"; };
		D2EB89652850E38E00AC2FBD /* BarlowCondensed-Bold.ttf */ = {isa = PBXFileReference; lastKnownFileType = file; path = "BarlowCondensed-Bold.ttf"; sourceTree = "<group>"; };
		D2EB89662850E38E00AC2FBD /* BarlowCondensed-Light.ttf */ = {isa = PBXFileReference; lastKnownFileType = file; path = "BarlowCondensed-Light.ttf"; sourceTree = "<group>"; };
		D2EB89672850E38E00AC2FBD /* BarlowCondensed-ExtraLightItalic.ttf */ = {isa = PBXFileReference; lastKnownFileType = file; path = "BarlowCondensed-ExtraLightItalic.ttf"; sourceTree = "<group>"; };
		D2EB89682850E38E00AC2FBD /* BarlowCondensed-Medium.ttf */ = {isa = PBXFileReference; lastKnownFileType = file; path = "BarlowCondensed-Medium.ttf"; sourceTree = "<group>"; };
		D2EB89692850E38E00AC2FBD /* BarlowCondensed-SemiBoldItalic.ttf */ = {isa = PBXFileReference; lastKnownFileType = file; path = "BarlowCondensed-SemiBoldItalic.ttf"; sourceTree = "<group>"; };
		D2EB896A2850E38E00AC2FBD /* BarlowCondensed-MediumItalic.ttf */ = {isa = PBXFileReference; lastKnownFileType = file; path = "BarlowCondensed-MediumItalic.ttf"; sourceTree = "<group>"; };
		D2EB896B2850E38E00AC2FBD /* BarlowCondensed-LightItalic.ttf */ = {isa = PBXFileReference; lastKnownFileType = file; path = "BarlowCondensed-LightItalic.ttf"; sourceTree = "<group>"; };
		D2EB896C2850E38E00AC2FBD /* BarlowCondensed-Italic.ttf */ = {isa = PBXFileReference; lastKnownFileType = file; path = "BarlowCondensed-Italic.ttf"; sourceTree = "<group>"; };
		D2EB896D2850E38E00AC2FBD /* BarlowCondensed-Black.ttf */ = {isa = PBXFileReference; lastKnownFileType = file; path = "BarlowCondensed-Black.ttf"; sourceTree = "<group>"; };
		D2EB896E2850E38E00AC2FBD /* OFL.txt */ = {isa = PBXFileReference; fileEncoding = 4; lastKnownFileType = text; path = OFL.txt; sourceTree = "<group>"; };
		D2EB896F2850E38E00AC2FBD /* BarlowCondensed-Regular.ttf */ = {isa = PBXFileReference; lastKnownFileType = file; path = "BarlowCondensed-Regular.ttf"; sourceTree = "<group>"; };
		D2EB89702850E38E00AC2FBD /* BarlowCondensed-SemiBold.ttf */ = {isa = PBXFileReference; lastKnownFileType = file; path = "BarlowCondensed-SemiBold.ttf"; sourceTree = "<group>"; };
		D2EB89712850E38E00AC2FBD /* BarlowCondensed-ExtraBoldItalic.ttf */ = {isa = PBXFileReference; lastKnownFileType = file; path = "BarlowCondensed-ExtraBoldItalic.ttf"; sourceTree = "<group>"; };
		D2EB89722850E38E00AC2FBD /* BarlowCondensed-ExtraBold.ttf */ = {isa = PBXFileReference; lastKnownFileType = file; path = "BarlowCondensed-ExtraBold.ttf"; sourceTree = "<group>"; };
/* End PBXFileReference section */

/* Begin PBXFrameworksBuildPhase section */
		D2B22306283274F4003D2C2D /* Frameworks */ = {
			isa = PBXFrameworksBuildPhase;
			buildActionMask = 2147483647;
			files = (
				B52FE3D01C1EB78D61AB2CA0 /* Pods_ar_app.framework in Frameworks */,
			);
			runOnlyForDeploymentPostprocessing = 0;
		};
/* End PBXFrameworksBuildPhase section */

/* Begin PBXGroup section */
		CC6BE949A4458AAD90988676 /* Frameworks */ = {
			isa = PBXGroup;
			children = (
				78D877C839F3992403B7B29A /* Pods_ar_app.framework */,
			);
			name = Frameworks;
			sourceTree = "<group>";
		};
		D151130FC60475D86CD0A4BA /* Pods */ = {
			isa = PBXGroup;
			children = (
				539DD7DBD4CA76A378B7051F /* Pods-ar-app.debug.xcconfig */,
				673117DB0812178E824FB6A3 /* Pods-ar-app.release.xcconfig */,
			);
			path = Pods;
			sourceTree = "<group>";
		};
		D22D32D1283D191900E80062 /* Utilities */ = {
			isa = PBXGroup;
			children = (
				D28A8F2E2846519300EF4A15 /* CustomUI */,
				D22D32D2283D193100E80062 /* FieldValidation.swift */,
			);
			path = Utilities;
			sourceTree = "<group>";
		};
		D22D32D4283D220800E80062 /* Cells */ = {
			isa = PBXGroup;
			children = (
				D22D32D5283D221C00E80062 /* LoginOptionTableViewCell.swift */,
				D22D32D7283D222500E80062 /* LoginOptionTableViewCell.xib */,
			);
			path = Cells;
			sourceTree = "<group>";
		};
		D2313C00283BE095004D6C1C /* ResetPassword */ = {
			isa = PBXGroup;
			children = (
				D2313C01283BE119004D6C1C /* ResetPasswordViewController.swift */,
				D2313C03283BE17B004D6C1C /* ResetPasswordViewController.storyboard */,
			);
			path = ResetPassword;
			sourceTree = "<group>";
		};
		D231BADF28352012009DD137 /* Cells */ = {
			isa = PBXGroup;
			children = (
				D231BAE02835202A009DD137 /* PreviewCollectionViewCell.swift */,
				D231BAE2283526BD009DD137 /* PreviewCollectionViewCell.xib */,
			);
			path = Cells;
			sourceTree = "<group>";
		};
		D231BAE628353143009DD137 /* Login */ = {
			isa = PBXGroup;
			children = (
				D22D32D4283D220800E80062 /* Cells */,
				D231BAED28353191009DD137 /* LoginViewController.swift */,
				D231BAEF28353199009DD137 /* LoginViewController.storyboard */,
			);
			path = Login;
			sourceTree = "<group>";
		};
		D231BAE728353148009DD137 /* SignUp */ = {
			isa = PBXGroup;
			children = (
				D231BAE92835317B009DD137 /* SignUpViewController.swift */,
				D231BAEB28353184009DD137 /* SignUpViewController.storyboard */,
			);
			path = SignUp;
			sourceTree = "<group>";
		};
		D231BAE828353153009DD137 /* ForgotPassword */ = {
			isa = PBXGroup;
			children = (
				D2313C00283BE095004D6C1C /* ResetPassword */,
				D231BAF1283531AA009DD137 /* ForgotPasswordViewController.swift */,
				D231BAF3283531B3009DD137 /* ForgotPasswordViewController.storyboard */,
			);
			path = ForgotPassword;
			sourceTree = "<group>";
		};
		D231BAF528354F8F009DD137 /* Legal */ = {
			isa = PBXGroup;
			children = (
				D231BAF628354FA4009DD137 /* Terms */,
			);
			path = Legal;
			sourceTree = "<group>";
		};
		D231BAF628354FA4009DD137 /* Terms */ = {
			isa = PBXGroup;
			children = (
				D231BAF728354FB7009DD137 /* TermsViewController.swift */,
				D231BAF928354FBD009DD137 /* TermsViewController.storyboard */,
			);
			path = Terms;
			sourceTree = "<group>";
		};
		D28A8F292846456500EF4A15 /* Cells */ = {
			isa = PBXGroup;
			children = (
				D28A8F2A2846457900EF4A15 /* MenuTableViewCell.swift */,
				D28A8F2C2846468A00EF4A15 /* MenuTableViewCell.xib */,
			);
			path = Cells;
			sourceTree = "<group>";
		};
		D28A8F2E2846519300EF4A15 /* CustomUI */ = {
			isa = PBXGroup;
			children = (
				D28A8F31284653F000EF4A15 /* LineTextField */,
			);
			path = CustomUI;
			sourceTree = "<group>";
		};
		D28A8F31284653F000EF4A15 /* LineTextField */ = {
			isa = PBXGroup;
			children = (
				D28A8F2F284651BD00EF4A15 /* LineTextField.swift */,
				D28A8F322846540600EF4A15 /* LineTextView.xib */,
			);
			path = LineTextField;
			sourceTree = "<group>";
		};
		D28CF54D28451FF10057C231 /* AddProject */ = {
			isa = PBXGroup;
			children = (
				D28CF54F284520190057C231 /* AddProjectViewController.swift */,
				D28CF5512845206C0057C231 /* AddProjectViewController.storyboard */,
			);
			path = AddProject;
			sourceTree = "<group>";
		};
		D28CF54E284520060057C231 /* ProjectList */ = {
			isa = PBXGroup;
			children = (
				D2C9E9DC284F9468006E3E25 /* ProjectListViewController.swift */,
				D2C9E9DE284F94CA006E3E25 /* ProjectListViewController.storyboard */,
			);
			path = ProjectList;
			sourceTree = "<group>";
		};
		D28CF553284526C70057C231 /* SpaceAR */ = {
			isa = PBXGroup;
			children = (
				D28CF554284526FE0057C231 /* SpaceARViewController.swift */,
				D28CF556284527640057C231 /* SpaceARViewController.storyboard */,
			);
			path = SpaceAR;
			sourceTree = "<group>";
		};
		D28CF55828452ABE0057C231 /* Project */ = {
			isa = PBXGroup;
			children = (
			);
			path = Project;
			sourceTree = "<group>";
		};
		D2B22300283274F4003D2C2D = {
			isa = PBXGroup;
			children = (
				D2B2230B283274F4003D2C2D /* ar-app */,
				D2B2230A283274F4003D2C2D /* Products */,
				D151130FC60475D86CD0A4BA /* Pods */,
				CC6BE949A4458AAD90988676 /* Frameworks */,
			);
			sourceTree = "<group>";
		};
		D2B2230A283274F4003D2C2D /* Products */ = {
			isa = PBXGroup;
			children = (
				D2B22309283274F4003D2C2D /* ar-app.app */,
			);
			name = Products;
			sourceTree = "<group>";
		};
		D2B2230B283274F4003D2C2D /* ar-app */ = {
			isa = PBXGroup;
			children = (
				D2B2230C283274F4003D2C2D /* AppDelegate.swift */,
				D2B2230E283274F4003D2C2D /* ViewController.swift */,
				D2B2232028327AC9003D2C2D /* Shared */,
				D2B2231F28327AC1003D2C2D /* Modules */,
				D2B2232128327AD7003D2C2D /* Resources */,
			);
			path = "ar-app";
			sourceTree = "<group>";
		};
		D2B2231F28327AC1003D2C2D /* Modules */ = {
			isa = PBXGroup;
			children = (
				D2B2232228327B20003D2C2D /* Start */,
				D2B2232328327B84003D2C2D /* Authentication */,
				D231BAF528354F8F009DD137 /* Legal */,
				D2C9E9D7284F8EE0006E3E25 /* TabMenu */,
				D2B2232528327C51003D2C2D /* Home */,
				D2B2232628327C5D003D2C2D /* Projects */,
				D28CF553284526C70057C231 /* SpaceAR */,
				D2B2232728327C63003D2C2D /* Materials */,
				D2B2232828327C69003D2C2D /* Account */,
				D2B2232928327C6E003D2C2D /* About */,
				D2B2232428327B90003D2C2D /* Menu */,
			);
			path = Modules;
			sourceTree = "<group>";
		};
		D2B2232028327AC9003D2C2D /* Shared */ = {
			isa = PBXGroup;
			children = (
				D22D32D1283D191900E80062 /* Utilities */,
				D2B2235D2832A884003D2C2D /* Store */,
				D2B2232C28327CC0003D2C2D /* Models */,
				D2B2232B28327CAD003D2C2D /* Extensions */,
				D2B2232A28327CA0003D2C2D /* Networking */,
			);
			path = Shared;
			sourceTree = "<group>";
		};
		D2B2232128327AD7003D2C2D /* Resources */ = {
			isa = PBXGroup;
			children = (
				D2EB895F2850E38E00AC2FBD /* Barlow_Condensed */,
				D2EB89322850E38E00AC2FBD /* Open_Sans */,
				D2B22310283274F4003D2C2D /* Experience.rcproject */,
				D2B22312283274F4003D2C2D /* Main.storyboard */,
				D2B22315283274F5003D2C2D /* Assets.xcassets */,
				D2B22317283274F5003D2C2D /* LaunchScreen.storyboard */,
				D2B22335283284B8003D2C2D /* R.generated.swift */,
				D2B223602832AA16003D2C2D /* Localizable.strings */,
				D2C062742847A1930022A6DD /* awsconfiguration.json */,
			);
			path = Resources;
			sourceTree = "<group>";
		};
		D2B2232228327B20003D2C2D /* Start */ = {
			isa = PBXGroup;
			children = (
				D2B2232D28327D15003D2C2D /* StartViewController.swift */,
				D2B223622832AF62003D2C2D /* StartViewController.storyboard */,
				D2B22331283281F0003D2C2D /* Preview */,
			);
			path = Start;
			sourceTree = "<group>";
		};
		D2B2232328327B84003D2C2D /* Authentication */ = {
			isa = PBXGroup;
			children = (
				D231BAE728353148009DD137 /* SignUp */,
				D231BAE628353143009DD137 /* Login */,
				D231BAE828353153009DD137 /* ForgotPassword */,
			);
			path = Authentication;
			sourceTree = "<group>";
		};
		D2B2232428327B90003D2C2D /* Menu */ = {
			isa = PBXGroup;
			children = (
				D28A8F292846456500EF4A15 /* Cells */,
				D28CF549284510AE0057C231 /* MenuViewController.swift */,
				D28CF54B284510C50057C231 /* MenuViewController.storyboard */,
			);
			path = Menu;
			sourceTree = "<group>";
		};
		D2B2232528327C51003D2C2D /* Home */ = {
			isa = PBXGroup;
			children = (
				D22D32CD283D05D200E80062 /* HomeViewController.swift */,
				D22D32CF283D062E00E80062 /* HomeViewController.storyboard */,
			);
			path = Home;
			sourceTree = "<group>";
		};
		D2B2232628327C5D003D2C2D /* Projects */ = {
			isa = PBXGroup;
			children = (
				D28CF55828452ABE0057C231 /* Project */,
				D28CF54E284520060057C231 /* ProjectList */,
				D28CF54D28451FF10057C231 /* AddProject */,
			);
			path = Projects;
			sourceTree = "<group>";
		};
		D2B2232728327C63003D2C2D /* Materials */ = {
			isa = PBXGroup;
			children = (
				D2C9E9E0284F94FF006E3E25 /* Material */,
				D2C9E9E1284F9509006E3E25 /* MaterialList */,
			);
			path = Materials;
			sourceTree = "<group>";
		};
		D2B2232828327C69003D2C2D /* Account */ = {
			isa = PBXGroup;
			children = (
				D2C9E9E6284F9686006E3E25 /* AccountViewController.swift */,
				D2C9E9E8284F96A7006E3E25 /* AccountViewController.storyboard */,
			);
			path = Account;
			sourceTree = "<group>";
		};
		D2B2232928327C6E003D2C2D /* About */ = {
			isa = PBXGroup;
			children = (
			);
			path = About;
			sourceTree = "<group>";
		};
		D2B2232A28327CA0003D2C2D /* Networking */ = {
			isa = PBXGroup;
			children = (
				D2EB886C2850D4C800AC2FBD /* Preview */,
				D2B2234A28328F66003D2C2D /* Tier */,
				D2B2234928328F5C003D2C2D /* Material */,
				D2B2234828328F4F003D2C2D /* Space */,
				D2B2234728328F3F003D2C2D /* User */,
				D2B2234628328F3A003D2C2D /* Cognito */,
				D2B2234328328F0A003D2C2D /* Project */,
				D211C2BD284E271E00189244 /* AFSessionManager.swift */,
			);
			path = Networking;
			sourceTree = "<group>";
		};
		D2B2232B28327CAD003D2C2D /* Extensions */ = {
			isa = PBXGroup;
			children = (
				D2C062762847A5450022A6DD /* Errors */,
				D2B2235B28329F2C003D2C2D /* NSErrorExtension.swift */,
				D2313BFE283BBF18004D6C1C /* StringExtension.swift */,
				D22D32CB283D02C600E80062 /* UIViewExtension.swift */,
				D2A3C792284A4FBF00449E7E /* UIViewControllerExtension.swift */,
				D2AED3442857695D007EA80D /* UIColorExtension.swift */,
				D2AED34628576E79007EA80D /* UITextViewExtension.swift */,
				D2AED34828578F07007EA80D /* UIButtonExtension.swift */,
			);
			path = Extensions;
			sourceTree = "<group>";
		};
		D2B2232C28327CC0003D2C2D /* Models */ = {
			isa = PBXGroup;
			children = (
				D2B2233728328D75003D2C2D /* Project.swift */,
				D2B2233928328D7E003D2C2D /* User.swift */,
				D2B2233B28328D86003D2C2D /* Space.swift */,
				D2B2233D28328D8E003D2C2D /* Material.swift */,
				D2B2233F28328D95003D2C2D /* Tier.swift */,
				D231BAE428352B13009DD137 /* Preview.swift */,
			);
			path = Models;
			sourceTree = "<group>";
		};
		D2B22331283281F0003D2C2D /* Preview */ = {
			isa = PBXGroup;
			children = (
				D231BADF28352012009DD137 /* Cells */,
				D2B2232F28327EAD003D2C2D /* PreviewViewController.swift */,
				D2B223642832AF75003D2C2D /* PreviewViewController.storyboard */,
			);
			path = Preview;
			sourceTree = "<group>";
		};
		D2B2234328328F0A003D2C2D /* Project */ = {
			isa = PBXGroup;
			children = (
				D2B2234128328DE5003D2C2D /* ProjectNetworkingService.swift */,
				D2B2234428328F23003D2C2D /* ProjectAPIService.swift */,
			);
			path = Project;
			sourceTree = "<group>";
		};
		D2B2234628328F3A003D2C2D /* Cognito */ = {
			isa = PBXGroup;
			children = (
				D2313BF9283BB90A004D6C1C /* CognitoNetworkingService.swift */,
			);
			path = Cognito;
			sourceTree = "<group>";
		};
		D2B2234728328F3F003D2C2D /* User */ = {
			isa = PBXGroup;
			children = (
				D2B2235728328FD0003D2C2D /* UserNetworkingService.swift */,
				D2B2235928328FEE003D2C2D /* UserAPIService.swift */,
			);
			path = User;
			sourceTree = "<group>";
		};
		D2B2234828328F4F003D2C2D /* Space */ = {
			isa = PBXGroup;
			children = (
				D2B2235328328FB7003D2C2D /* SpaceNetworkingService.swift */,
				D2B2235528328FC0003D2C2D /* SpaceAPIService.swift */,
			);
			path = Space;
			sourceTree = "<group>";
		};
		D2B2234928328F5C003D2C2D /* Material */ = {
			isa = PBXGroup;
			children = (
				D2B2235128328FAC003D2C2D /* MaterialNetworkingService.swift */,
				D2B2234F28328F9C003D2C2D /* MaterialAPIService.swift */,
			);
			path = Material;
			sourceTree = "<group>";
		};
		D2B2234A28328F66003D2C2D /* Tier */ = {
			isa = PBXGroup;
			children = (
				D2B2234D28328F8D003D2C2D /* TierNetworkingService.swift */,
				D2B2234B28328F82003D2C2D /* TierAPIService.swift */,
			);
			path = Tier;
			sourceTree = "<group>";
		};
		D2B2235D2832A884003D2C2D /* Store */ = {
			isa = PBXGroup;
			children = (
				D2B2235E2832A891003D2C2D /* Store.swift */,
				D211C2BB284E246C00189244 /* Global.swift */,
			);
			path = Store;
			sourceTree = "<group>";
		};
		D2C062762847A5450022A6DD /* Errors */ = {
			isa = PBXGroup;
			children = (
				D2C062772847A56B0022A6DD /* AWSErrorExtension.swift */,
			);
			path = Errors;
			sourceTree = "<group>";
		};
		D2C9E9D7284F8EE0006E3E25 /* TabMenu */ = {
			isa = PBXGroup;
			children = (
				D2C9E9D8284F8F0E006E3E25 /* MenuTabBarController.swift */,
				D2C9E9DA284F8F6A006E3E25 /* MenuTabBarController.storyboard */,
			);
			path = TabMenu;
			sourceTree = "<group>";
		};
		D2C9E9E0284F94FF006E3E25 /* Material */ = {
			isa = PBXGroup;
			children = (
			);
			path = Material;
			sourceTree = "<group>";
		};
		D2C9E9E1284F9509006E3E25 /* MaterialList */ = {
			isa = PBXGroup;
			children = (
				D2C9E9E2284F9538006E3E25 /* MaterialListViewController.swift */,
				D2C9E9E4284F958B006E3E25 /* MaterialListViewController.storyboard */,
			);
			path = MaterialList;
			sourceTree = "<group>";
		};
		D2EB886C2850D4C800AC2FBD /* Preview */ = {
			isa = PBXGroup;
			children = (
				D2EB886D2850D4E000AC2FBD /* PreviewNetworkingService.swift */,
				D2EB886F2850D4EE00AC2FBD /* PreviewAPIService.swift */,
			);
			path = Preview;
			sourceTree = "<group>";
		};
		D2EB89322850E38E00AC2FBD /* Open_Sans */ = {
			isa = PBXGroup;
			children = (
				D2EB89332850E38E00AC2FBD /* OpenSans-Italic-VariableFont_wdth,wght.ttf */,
				D2EB89342850E38E00AC2FBD /* static */,
				D2EB895C2850E38E00AC2FBD /* README.txt */,
				D2EB895D2850E38E00AC2FBD /* LICENSE.txt */,
				D2EB895E2850E38E00AC2FBD /* OpenSans-VariableFont_wdth,wght.ttf */,
			);
			name = Open_Sans;
			path = ../../../../Downloads/Open_Sans;
			sourceTree = "<group>";
		};
		D2EB89342850E38E00AC2FBD /* static */ = {
			isa = PBXGroup;
			children = (
				D2EB89352850E38E00AC2FBD /* OpenSans_SemiCondensed */,
				D2EB89422850E38E00AC2FBD /* OpenSans_Condensed */,
				D2EB894F2850E38E00AC2FBD /* OpenSans */,
			);
			path = static;
			sourceTree = "<group>";
		};
		D2EB89352850E38E00AC2FBD /* OpenSans_SemiCondensed */ = {
			isa = PBXGroup;
			children = (
				D2EB89362850E38E00AC2FBD /* OpenSans_SemiCondensed-MediumItalic.ttf */,
				D2EB89372850E38E00AC2FBD /* OpenSans_SemiCondensed-Regular.ttf */,
				D2EB89382850E38E00AC2FBD /* OpenSans_SemiCondensed-Bold.ttf */,
				D2EB89392850E38E00AC2FBD /* OpenSans_SemiCondensed-Light.ttf */,
				D2EB893A2850E38E00AC2FBD /* OpenSans_SemiCondensed-SemiBoldItalic.ttf */,
				D2EB893B2850E38E00AC2FBD /* OpenSans_SemiCondensed-SemiBold.ttf */,
				D2EB893C2850E38E00AC2FBD /* OpenSans_SemiCondensed-Medium.ttf */,
				D2EB893D2850E38E00AC2FBD /* OpenSans_SemiCondensed-ExtraBold.ttf */,
				D2EB893E2850E38E00AC2FBD /* OpenSans_SemiCondensed-LightItalic.ttf */,
				D2EB893F2850E38E00AC2FBD /* OpenSans_SemiCondensed-Italic.ttf */,
				D2EB89402850E38E00AC2FBD /* OpenSans_SemiCondensed-BoldItalic.ttf */,
				D2EB89412850E38E00AC2FBD /* OpenSans_SemiCondensed-ExtraBoldItalic.ttf */,
			);
			path = OpenSans_SemiCondensed;
			sourceTree = "<group>";
		};
		D2EB89422850E38E00AC2FBD /* OpenSans_Condensed */ = {
			isa = PBXGroup;
			children = (
				D2EB89432850E38E00AC2FBD /* OpenSans_Condensed-Medium.ttf */,
				D2EB89442850E38E00AC2FBD /* OpenSans_Condensed-ExtraBold.ttf */,
				D2EB89452850E38E00AC2FBD /* OpenSans_Condensed-SemiBold.ttf */,
				D2EB89462850E38E00AC2FBD /* OpenSans_Condensed-LightItalic.ttf */,
				D2EB89472850E38E00AC2FBD /* OpenSans_Condensed-Bold.ttf */,
				D2EB89482850E38E00AC2FBD /* OpenSans_Condensed-Light.ttf */,
				D2EB89492850E38E00AC2FBD /* OpenSans_Condensed-SemiBoldItalic.ttf */,
				D2EB894A2850E38E00AC2FBD /* OpenSans_Condensed-BoldItalic.ttf */,
				D2EB894B2850E38E00AC2FBD /* OpenSans_Condensed-MediumItalic.ttf */,
				D2EB894C2850E38E00AC2FBD /* OpenSans_Condensed-Regular.ttf */,
				D2EB894D2850E38E00AC2FBD /* OpenSans_Condensed-ExtraBoldItalic.ttf */,
				D2EB894E2850E38E00AC2FBD /* OpenSans_Condensed-Italic.ttf */,
			);
			path = OpenSans_Condensed;
			sourceTree = "<group>";
		};
		D2EB894F2850E38E00AC2FBD /* OpenSans */ = {
			isa = PBXGroup;
			children = (
				D2EB89502850E38E00AC2FBD /* OpenSans-SemiBold.ttf */,
				D2EB89512850E38E00AC2FBD /* OpenSans-Light.ttf */,
				D2EB89522850E38E00AC2FBD /* OpenSans-Italic.ttf */,
				D2EB89532850E38E00AC2FBD /* OpenSans-MediumItalic.ttf */,
				D2EB89542850E38E00AC2FBD /* OpenSans-ExtraBold.ttf */,
				D2EB89552850E38E00AC2FBD /* OpenSans-LightItalic.ttf */,
				D2EB89562850E38E00AC2FBD /* OpenSans-Bold.ttf */,
				D2EB89572850E38E00AC2FBD /* OpenSans-SemiBoldItalic.ttf */,
				D2EB89582850E38E00AC2FBD /* OpenSans-Medium.ttf */,
				D2EB89592850E38E00AC2FBD /* OpenSans-ExtraBoldItalic.ttf */,
				D2EB895A2850E38E00AC2FBD /* OpenSans-Regular.ttf */,
				D2EB895B2850E38E00AC2FBD /* OpenSans-BoldItalic.ttf */,
			);
			path = OpenSans;
			sourceTree = "<group>";
		};
		D2EB895F2850E38E00AC2FBD /* Barlow_Condensed */ = {
			isa = PBXGroup;
			children = (
				D2EB89602850E38E00AC2FBD /* BarlowCondensed-BoldItalic.ttf */,
				D2EB89612850E38E00AC2FBD /* BarlowCondensed-ThinItalic.ttf */,
				D2EB89622850E38E00AC2FBD /* BarlowCondensed-BlackItalic.ttf */,
				D2EB89632850E38E00AC2FBD /* BarlowCondensed-ExtraLight.ttf */,
				D2EB89642850E38E00AC2FBD /* BarlowCondensed-Thin.ttf */,
				D2EB89652850E38E00AC2FBD /* BarlowCondensed-Bold.ttf */,
				D2EB89662850E38E00AC2FBD /* BarlowCondensed-Light.ttf */,
				D2EB89672850E38E00AC2FBD /* BarlowCondensed-ExtraLightItalic.ttf */,
				D2EB89682850E38E00AC2FBD /* BarlowCondensed-Medium.ttf */,
				D2EB89692850E38E00AC2FBD /* BarlowCondensed-SemiBoldItalic.ttf */,
				D2EB896A2850E38E00AC2FBD /* BarlowCondensed-MediumItalic.ttf */,
				D2EB896B2850E38E00AC2FBD /* BarlowCondensed-LightItalic.ttf */,
				D2EB896C2850E38E00AC2FBD /* BarlowCondensed-Italic.ttf */,
				D2EB896D2850E38E00AC2FBD /* BarlowCondensed-Black.ttf */,
				D2EB896E2850E38E00AC2FBD /* OFL.txt */,
				D2EB896F2850E38E00AC2FBD /* BarlowCondensed-Regular.ttf */,
				D2EB89702850E38E00AC2FBD /* BarlowCondensed-SemiBold.ttf */,
				D2EB89712850E38E00AC2FBD /* BarlowCondensed-ExtraBoldItalic.ttf */,
				D2EB89722850E38E00AC2FBD /* BarlowCondensed-ExtraBold.ttf */,
			);
			name = Barlow_Condensed;
			path = ../../../../Downloads/Barlow_Condensed;
			sourceTree = "<group>";
		};
/* End PBXGroup section */

/* Begin PBXNativeTarget section */
		D2B22308283274F4003D2C2D /* ar-app */ = {
			isa = PBXNativeTarget;
			buildConfigurationList = D2B2231C283274F5003D2C2D /* Build configuration list for PBXNativeTarget "ar-app" */;
			buildPhases = (
				7B6D0557210CB6B8C90B64C3 /* [CP] Check Pods Manifest.lock */,
				D2B2233228328229003D2C2D /* ShellScript */,
				D2B22305283274F4003D2C2D /* Sources */,
				D2B22306283274F4003D2C2D /* Frameworks */,
				D2B22307283274F4003D2C2D /* Resources */,
				4EB76C8CEF01D97A65BEB68F /* [CP] Embed Pods Frameworks */,
			);
			buildRules = (
			);
			dependencies = (
			);
			name = "ar-app";
			packageProductDependencies = (
			);
			productName = "ar-app";
			productReference = D2B22309283274F4003D2C2D /* ar-app.app */;
			productType = "com.apple.product-type.application";
		};
/* End PBXNativeTarget section */

/* Begin PBXProject section */
		D2B22301283274F4003D2C2D /* Project object */ = {
			isa = PBXProject;
			attributes = {
				BuildIndependentTargetsInParallel = 1;
				LastSwiftUpdateCheck = 1330;
				LastUpgradeCheck = 1330;
				TargetAttributes = {
					D2B22308283274F4003D2C2D = {
						CreatedOnToolsVersion = 13.3.1;
					};
				};
			};
			buildConfigurationList = D2B22304283274F4003D2C2D /* Build configuration list for PBXProject "ar-app" */;
			compatibilityVersion = "Xcode 13.0";
			developmentRegion = en;
			hasScannedForEncodings = 0;
			knownRegions = (
				en,
				Base,
			);
			mainGroup = D2B22300283274F4003D2C2D;
			packageReferences = (
			);
			productRefGroup = D2B2230A283274F4003D2C2D /* Products */;
			projectDirPath = "";
			projectRoot = "";
			targets = (
				D2B22308283274F4003D2C2D /* ar-app */,
			);
		};
/* End PBXProject section */

/* Begin PBXResourcesBuildPhase section */
		D2B22307283274F4003D2C2D /* Resources */ = {
			isa = PBXResourcesBuildPhase;
			buildActionMask = 2147483647;
			files = (
				D2EB89A62850E38E00AC2FBD /* BarlowCondensed-LightItalic.ttf in Resources */,
				D2EB89A82850E38E00AC2FBD /* BarlowCondensed-Black.ttf in Resources */,
				D2EB89862850E38E00AC2FBD /* OpenSans_Condensed-SemiBoldItalic.ttf in Resources */,
				D2EB89952850E38E00AC2FBD /* OpenSans-ExtraBoldItalic.ttf in Resources */,
				D2EB89762850E38E00AC2FBD /* OpenSans_SemiCondensed-Bold.ttf in Resources */,
				D2C062752847A1930022A6DD /* awsconfiguration.json in Resources */,
				D2EB898A2850E38E00AC2FBD /* OpenSans_Condensed-ExtraBoldItalic.ttf in Resources */,
				D28A8F332846540600EF4A15 /* LineTextView.xib in Resources */,
				D28A8F2D2846468A00EF4A15 /* MenuTableViewCell.xib in Resources */,
				D2EB89872850E38E00AC2FBD /* OpenSans_Condensed-BoldItalic.ttf in Resources */,
				D2EB89972850E38E00AC2FBD /* OpenSans-BoldItalic.ttf in Resources */,
				D22D32D0283D062E00E80062 /* HomeViewController.storyboard in Resources */,
				D2EB89832850E38E00AC2FBD /* OpenSans_Condensed-LightItalic.ttf in Resources */,
				D2EB89962850E38E00AC2FBD /* OpenSans-Regular.ttf in Resources */,
				D2EB899A2850E38E00AC2FBD /* OpenSans-VariableFont_wdth,wght.ttf in Resources */,
				D28CF5522845206C0057C231 /* AddProjectViewController.storyboard in Resources */,
				D2EB89A72850E38E00AC2FBD /* BarlowCondensed-Italic.ttf in Resources */,
				D231BAF028353199009DD137 /* LoginViewController.storyboard in Resources */,
				D2EB89A52850E38E00AC2FBD /* BarlowCondensed-MediumItalic.ttf in Resources */,
				D2EB898B2850E38E00AC2FBD /* OpenSans_Condensed-Italic.ttf in Resources */,
				D2B223632832AF62003D2C2D /* StartViewController.storyboard in Resources */,
				D2B22319283274F5003D2C2D /* LaunchScreen.storyboard in Resources */,
				D2EB89AB2850E38E00AC2FBD /* BarlowCondensed-SemiBold.ttf in Resources */,
				D2B223652832AF75003D2C2D /* PreviewViewController.storyboard in Resources */,
				D22D32D8283D222500E80062 /* LoginOptionTableViewCell.xib in Resources */,
				D2EB89882850E38E00AC2FBD /* OpenSans_Condensed-MediumItalic.ttf in Resources */,
				D2EB89982850E38E00AC2FBD /* README.txt in Resources */,
				D2EB89A02850E38E00AC2FBD /* BarlowCondensed-Bold.ttf in Resources */,
				D2EB898E2850E38E00AC2FBD /* OpenSans-Italic.ttf in Resources */,
				D2EB897F2850E38E00AC2FBD /* OpenSans_SemiCondensed-ExtraBoldItalic.ttf in Resources */,
				D2EB89A92850E38E00AC2FBD /* OFL.txt in Resources */,
				D231BAEC28353184009DD137 /* SignUpViewController.storyboard in Resources */,
				D2EB897E2850E38E00AC2FBD /* OpenSans_SemiCondensed-BoldItalic.ttf in Resources */,
				D2EB89AA2850E38E00AC2FBD /* BarlowCondensed-Regular.ttf in Resources */,
				D2C9E9DF284F94CA006E3E25 /* ProjectListViewController.storyboard in Resources */,
				D2EB898D2850E38E00AC2FBD /* OpenSans-Light.ttf in Resources */,
				D2C9E9DB284F8F6A006E3E25 /* MenuTabBarController.storyboard in Resources */,
				D2EB899E2850E38E00AC2FBD /* BarlowCondensed-ExtraLight.ttf in Resources */,
				D2C9E9E5284F958B006E3E25 /* MaterialListViewController.storyboard in Resources */,
				D2EB897B2850E38E00AC2FBD /* OpenSans_SemiCondensed-ExtraBold.ttf in Resources */,
				D2EB89752850E38E00AC2FBD /* OpenSans_SemiCondensed-Regular.ttf in Resources */,
				D2EB899F2850E38E00AC2FBD /* BarlowCondensed-Thin.ttf in Resources */,
				D2C9E9E9284F96A7006E3E25 /* AccountViewController.storyboard in Resources */,
				D2EB89792850E38E00AC2FBD /* OpenSans_SemiCondensed-SemiBold.ttf in Resources */,
				D28CF557284527640057C231 /* SpaceARViewController.storyboard in Resources */,
				D2EB89A42850E38E00AC2FBD /* BarlowCondensed-SemiBoldItalic.ttf in Resources */,
				D2EB89732850E38E00AC2FBD /* OpenSans-Italic-VariableFont_wdth,wght.ttf in Resources */,
				D2B223612832AA16003D2C2D /* Localizable.strings in Resources */,
				D2313C04283BE17B004D6C1C /* ResetPasswordViewController.storyboard in Resources */,
				D2EB89A22850E38E00AC2FBD /* BarlowCondensed-ExtraLightItalic.ttf in Resources */,
				D2EB89852850E38E00AC2FBD /* OpenSans_Condensed-Light.ttf in Resources */,
				D2EB89892850E38E00AC2FBD /* OpenSans_Condensed-Regular.ttf in Resources */,
				D2EB897A2850E38E00AC2FBD /* OpenSans_SemiCondensed-Medium.ttf in Resources */,
				D2B22316283274F5003D2C2D /* Assets.xcassets in Resources */,
				D2EB897D2850E38E00AC2FBD /* OpenSans_SemiCondensed-Italic.ttf in Resources */,
				D231BAFA28354FBD009DD137 /* TermsViewController.storyboard in Resources */,
				D2EB89A32850E38E00AC2FBD /* BarlowCondensed-Medium.ttf in Resources */,
				D2EB89AD2850E38E00AC2FBD /* BarlowCondensed-ExtraBold.ttf in Resources */,
				D231BAF4283531B3009DD137 /* ForgotPasswordViewController.storyboard in Resources */,
				D2EB89742850E38E00AC2FBD /* OpenSans_SemiCondensed-MediumItalic.ttf in Resources */,
				D2EB89842850E38E00AC2FBD /* OpenSans_Condensed-Bold.ttf in Resources */,
				D2EB89942850E38E00AC2FBD /* OpenSans-Medium.ttf in Resources */,
				D2EB89932850E38E00AC2FBD /* OpenSans-SemiBoldItalic.ttf in Resources */,
				D2EB89992850E38E00AC2FBD /* LICENSE.txt in Resources */,
				D2EB89772850E38E00AC2FBD /* OpenSans_SemiCondensed-Light.ttf in Resources */,
				D2EB89822850E38E00AC2FBD /* OpenSans_Condensed-SemiBold.ttf in Resources */,
				D2EB898C2850E38E00AC2FBD /* OpenSans-SemiBold.ttf in Resources */,
				D231BAE3283526BD009DD137 /* PreviewCollectionViewCell.xib in Resources */,
				D2EB899C2850E38E00AC2FBD /* BarlowCondensed-ThinItalic.ttf in Resources */,
				D2EB899D2850E38E00AC2FBD /* BarlowCondensed-BlackItalic.ttf in Resources */,
				D2EB897C2850E38E00AC2FBD /* OpenSans_SemiCondensed-LightItalic.ttf in Resources */,
				D2EB89A12850E38E00AC2FBD /* BarlowCondensed-Light.ttf in Resources */,
				D2EB89902850E38E00AC2FBD /* OpenSans-ExtraBold.ttf in Resources */,
				D2B22314283274F4003D2C2D /* Main.storyboard in Resources */,
				D2EB89912850E38E00AC2FBD /* OpenSans-LightItalic.ttf in Resources */,
				D2EB89922850E38E00AC2FBD /* OpenSans-Bold.ttf in Resources */,
				D2EB89AC2850E38E00AC2FBD /* BarlowCondensed-ExtraBoldItalic.ttf in Resources */,
				D2EB898F2850E38E00AC2FBD /* OpenSans-MediumItalic.ttf in Resources */,
				D2EB89782850E38E00AC2FBD /* OpenSans_SemiCondensed-SemiBoldItalic.ttf in Resources */,
				D2EB899B2850E38E00AC2FBD /* BarlowCondensed-BoldItalic.ttf in Resources */,
				D2EB89802850E38E00AC2FBD /* OpenSans_Condensed-Medium.ttf in Resources */,
				D2EB89812850E38E00AC2FBD /* OpenSans_Condensed-ExtraBold.ttf in Resources */,
				D28CF54C284510C50057C231 /* MenuViewController.storyboard in Resources */,
			);
			runOnlyForDeploymentPostprocessing = 0;
		};
/* End PBXResourcesBuildPhase section */

/* Begin PBXShellScriptBuildPhase section */
		4EB76C8CEF01D97A65BEB68F /* [CP] Embed Pods Frameworks */ = {
			isa = PBXShellScriptBuildPhase;
			buildActionMask = 2147483647;
			files = (
			);
			inputFileListPaths = (
				"${PODS_ROOT}/Target Support Files/Pods-ar-app/Pods-ar-app-frameworks-${CONFIGURATION}-input-files.xcfilelist",
			);
			name = "[CP] Embed Pods Frameworks";
			outputFileListPaths = (
				"${PODS_ROOT}/Target Support Files/Pods-ar-app/Pods-ar-app-frameworks-${CONFIGURATION}-output-files.xcfilelist",
			);
			runOnlyForDeploymentPostprocessing = 0;
			shellPath = /bin/sh;
			shellScript = "\"${PODS_ROOT}/Target Support Files/Pods-ar-app/Pods-ar-app-frameworks.sh\"\n";
			showEnvVarsInLog = 0;
		};
		7B6D0557210CB6B8C90B64C3 /* [CP] Check Pods Manifest.lock */ = {
			isa = PBXShellScriptBuildPhase;
			buildActionMask = 2147483647;
			files = (
			);
			inputFileListPaths = (
			);
			inputPaths = (
				"${PODS_PODFILE_DIR_PATH}/Podfile.lock",
				"${PODS_ROOT}/Manifest.lock",
			);
			name = "[CP] Check Pods Manifest.lock";
			outputFileListPaths = (
			);
			outputPaths = (
				"$(DERIVED_FILE_DIR)/Pods-ar-app-checkManifestLockResult.txt",
			);
			runOnlyForDeploymentPostprocessing = 0;
			shellPath = /bin/sh;
			shellScript = "diff \"${PODS_PODFILE_DIR_PATH}/Podfile.lock\" \"${PODS_ROOT}/Manifest.lock\" > /dev/null\nif [ $? != 0 ] ; then\n    # print error to STDERR\n    echo \"error: The sandbox is not in sync with the Podfile.lock. Run 'pod install' or update your CocoaPods installation.\" >&2\n    exit 1\nfi\n# This output is used by Xcode 'outputs' to avoid re-running this script phase.\necho \"SUCCESS\" > \"${SCRIPT_OUTPUT_FILE_0}\"\n";
			showEnvVarsInLog = 0;
		};
		D2B2233228328229003D2C2D /* ShellScript */ = {
			isa = PBXShellScriptBuildPhase;
			alwaysOutOfDate = 1;
			buildActionMask = 2147483647;
			files = (
			);
			inputFileListPaths = (
			);
			inputPaths = (
			);
			outputFileListPaths = (
			);
			outputPaths = (
				$SRCROOT/R.generated.swift,
			);
			runOnlyForDeploymentPostprocessing = 0;
			shellPath = /bin/sh;
			shellScript = "\"$PODS_ROOT/R.swift/rswift\" generate \"$SRCROOT/R.generated.swift\"\n";
		};
/* End PBXShellScriptBuildPhase section */

/* Begin PBXSourcesBuildPhase section */
		D2B22305283274F4003D2C2D /* Sources */ = {
			isa = PBXSourcesBuildPhase;
			buildActionMask = 2147483647;
			files = (
				D2C062782847A56B0022A6DD /* AWSErrorExtension.swift in Sources */,
				D231BAEE28353191009DD137 /* LoginViewController.swift in Sources */,
				D2B2233E28328D8E003D2C2D /* Material.swift in Sources */,
				D2B2230F283274F4003D2C2D /* ViewController.swift in Sources */,
				D22D32CE283D05D200E80062 /* HomeViewController.swift in Sources */,
				D2B2234C28328F82003D2C2D /* TierAPIService.swift in Sources */,
				D2313BFF283BBF18004D6C1C /* StringExtension.swift in Sources */,
				D231BAE12835202A009DD137 /* PreviewCollectionViewCell.swift in Sources */,
				D2B2232E28327D15003D2C2D /* StartViewController.swift in Sources */,
				D2B2235828328FD0003D2C2D /* UserNetworkingService.swift in Sources */,
				D211C2BE284E271E00189244 /* AFSessionManager.swift in Sources */,
				D22D32D3283D193100E80062 /* FieldValidation.swift in Sources */,
				D28A8F30284651BD00EF4A15 /* LineTextField.swift in Sources */,
				D2B2235F2832A891003D2C2D /* Store.swift in Sources */,
				D231BAF2283531AA009DD137 /* ForgotPasswordViewController.swift in Sources */,
				D2B2230D283274F4003D2C2D /* AppDelegate.swift in Sources */,
				D2B2235628328FC0003D2C2D /* SpaceAPIService.swift in Sources */,
				D2B2235C28329F2C003D2C2D /* NSErrorExtension.swift in Sources */,
				D2C9E9DD284F9468006E3E25 /* ProjectListViewController.swift in Sources */,
				D2AED3452857695D007EA80D /* UIColorExtension.swift in Sources */,
				D2AED34728576E79007EA80D /* UITextViewExtension.swift in Sources */,
				D2B2233028327EAD003D2C2D /* PreviewViewController.swift in Sources */,
				D2B2235228328FAC003D2C2D /* MaterialNetworkingService.swift in Sources */,
				D2AED34928578F07007EA80D /* UIButtonExtension.swift in Sources */,
				D231BAE528352B13009DD137 /* Preview.swift in Sources */,
				D2EB886E2850D4E000AC2FBD /* PreviewNetworkingService.swift in Sources */,
				D2313BFA283BB90A004D6C1C /* CognitoNetworkingService.swift in Sources */,
				D231BAF828354FB7009DD137 /* TermsViewController.swift in Sources */,
				D2EB88702850D4EE00AC2FBD /* PreviewAPIService.swift in Sources */,
				D28CF550284520190057C231 /* AddProjectViewController.swift in Sources */,
				D2B2234E28328F8D003D2C2D /* TierNetworkingService.swift in Sources */,
				D2313C02283BE119004D6C1C /* ResetPasswordViewController.swift in Sources */,
				D2B2234028328D95003D2C2D /* Tier.swift in Sources */,
				D2B2233A28328D7E003D2C2D /* User.swift in Sources */,
				D2B22311283274F4003D2C2D /* Experience.rcproject in Sources */,
				D2C9E9E7284F9686006E3E25 /* AccountViewController.swift in Sources */,
				D211C2BC284E246C00189244 /* Global.swift in Sources */,
				D2A3C793284A4FBF00449E7E /* UIViewControllerExtension.swift in Sources */,
				D2B2233828328D75003D2C2D /* Project.swift in Sources */,
				D28CF54A284510AE0057C231 /* MenuViewController.swift in Sources */,
				D22D32CC283D02C600E80062 /* UIViewExtension.swift in Sources */,
				D2B2234528328F23003D2C2D /* ProjectAPIService.swift in Sources */,
				D2B2234228328DE5003D2C2D /* ProjectNetworkingService.swift in Sources */,
				D2B2235428328FB7003D2C2D /* SpaceNetworkingService.swift in Sources */,
				D2B2235028328F9C003D2C2D /* MaterialAPIService.swift in Sources */,
				D22D32D6283D221C00E80062 /* LoginOptionTableViewCell.swift in Sources */,
				D28A8F2B2846457900EF4A15 /* MenuTableViewCell.swift in Sources */,
				D2B22336283284B8003D2C2D /* R.generated.swift in Sources */,
				D2C9E9E3284F9538006E3E25 /* MaterialListViewController.swift in Sources */,
				D2B2235A28328FEE003D2C2D /* UserAPIService.swift in Sources */,
				D231BAEA2835317B009DD137 /* SignUpViewController.swift in Sources */,
				D2C9E9D9284F8F0E006E3E25 /* MenuTabBarController.swift in Sources */,
				D28CF555284526FE0057C231 /* SpaceARViewController.swift in Sources */,
				D2B2233C28328D86003D2C2D /* Space.swift in Sources */,
			);
			runOnlyForDeploymentPostprocessing = 0;
		};
/* End PBXSourcesBuildPhase section */

/* Begin PBXVariantGroup section */
		D2B22312283274F4003D2C2D /* Main.storyboard */ = {
			isa = PBXVariantGroup;
			children = (
				D2B22313283274F4003D2C2D /* Base */,
			);
			name = Main.storyboard;
			sourceTree = "<group>";
		};
		D2B22317283274F5003D2C2D /* LaunchScreen.storyboard */ = {
			isa = PBXVariantGroup;
			children = (
				D2B22318283274F5003D2C2D /* Base */,
			);
			name = LaunchScreen.storyboard;
			sourceTree = "<group>";
		};
/* End PBXVariantGroup section */

/* Begin XCBuildConfiguration section */
		D2B2231A283274F5003D2C2D /* Debug */ = {
			isa = XCBuildConfiguration;
			buildSettings = {
				ALWAYS_SEARCH_USER_PATHS = NO;
				CLANG_ANALYZER_NONNULL = YES;
				CLANG_ANALYZER_NUMBER_OBJECT_CONVERSION = YES_AGGRESSIVE;
				CLANG_CXX_LANGUAGE_STANDARD = "gnu++17";
				CLANG_ENABLE_MODULES = YES;
				CLANG_ENABLE_OBJC_ARC = YES;
				CLANG_ENABLE_OBJC_WEAK = YES;
				CLANG_WARN_BLOCK_CAPTURE_AUTORELEASING = YES;
				CLANG_WARN_BOOL_CONVERSION = YES;
				CLANG_WARN_COMMA = YES;
				CLANG_WARN_CONSTANT_CONVERSION = YES;
				CLANG_WARN_DEPRECATED_OBJC_IMPLEMENTATIONS = YES;
				CLANG_WARN_DIRECT_OBJC_ISA_USAGE = YES_ERROR;
				CLANG_WARN_DOCUMENTATION_COMMENTS = YES;
				CLANG_WARN_EMPTY_BODY = YES;
				CLANG_WARN_ENUM_CONVERSION = YES;
				CLANG_WARN_INFINITE_RECURSION = YES;
				CLANG_WARN_INT_CONVERSION = YES;
				CLANG_WARN_NON_LITERAL_NULL_CONVERSION = YES;
				CLANG_WARN_OBJC_IMPLICIT_RETAIN_SELF = YES;
				CLANG_WARN_OBJC_LITERAL_CONVERSION = YES;
				CLANG_WARN_OBJC_ROOT_CLASS = YES_ERROR;
				CLANG_WARN_QUOTED_INCLUDE_IN_FRAMEWORK_HEADER = YES;
				CLANG_WARN_RANGE_LOOP_ANALYSIS = YES;
				CLANG_WARN_STRICT_PROTOTYPES = YES;
				CLANG_WARN_SUSPICIOUS_MOVE = YES;
				CLANG_WARN_UNGUARDED_AVAILABILITY = YES_AGGRESSIVE;
				CLANG_WARN_UNREACHABLE_CODE = YES;
				CLANG_WARN__DUPLICATE_METHOD_MATCH = YES;
				COPY_PHASE_STRIP = NO;
				DEBUG_INFORMATION_FORMAT = dwarf;
				ENABLE_STRICT_OBJC_MSGSEND = YES;
				ENABLE_TESTABILITY = YES;
				GCC_C_LANGUAGE_STANDARD = gnu11;
				GCC_DYNAMIC_NO_PIC = NO;
				GCC_NO_COMMON_BLOCKS = YES;
				GCC_OPTIMIZATION_LEVEL = 0;
				GCC_PREPROCESSOR_DEFINITIONS = (
					"DEBUG=1",
					"$(inherited)",
				);
				GCC_WARN_64_TO_32_BIT_CONVERSION = YES;
				GCC_WARN_ABOUT_RETURN_TYPE = YES_ERROR;
				GCC_WARN_UNDECLARED_SELECTOR = YES;
				GCC_WARN_UNINITIALIZED_AUTOS = YES_AGGRESSIVE;
				GCC_WARN_UNUSED_FUNCTION = YES;
				GCC_WARN_UNUSED_VARIABLE = YES;
				IPHONEOS_DEPLOYMENT_TARGET = 15.4;
				MTL_ENABLE_DEBUG_INFO = INCLUDE_SOURCE;
				MTL_FAST_MATH = YES;
				ONLY_ACTIVE_ARCH = YES;
				SDKROOT = iphoneos;
				SWIFT_ACTIVE_COMPILATION_CONDITIONS = DEBUG;
				SWIFT_OPTIMIZATION_LEVEL = "-Onone";
			};
			name = Debug;
		};
		D2B2231B283274F5003D2C2D /* Release */ = {
			isa = XCBuildConfiguration;
			buildSettings = {
				ALWAYS_SEARCH_USER_PATHS = NO;
				CLANG_ANALYZER_NONNULL = YES;
				CLANG_ANALYZER_NUMBER_OBJECT_CONVERSION = YES_AGGRESSIVE;
				CLANG_CXX_LANGUAGE_STANDARD = "gnu++17";
				CLANG_ENABLE_MODULES = YES;
				CLANG_ENABLE_OBJC_ARC = YES;
				CLANG_ENABLE_OBJC_WEAK = YES;
				CLANG_WARN_BLOCK_CAPTURE_AUTORELEASING = YES;
				CLANG_WARN_BOOL_CONVERSION = YES;
				CLANG_WARN_COMMA = YES;
				CLANG_WARN_CONSTANT_CONVERSION = YES;
				CLANG_WARN_DEPRECATED_OBJC_IMPLEMENTATIONS = YES;
				CLANG_WARN_DIRECT_OBJC_ISA_USAGE = YES_ERROR;
				CLANG_WARN_DOCUMENTATION_COMMENTS = YES;
				CLANG_WARN_EMPTY_BODY = YES;
				CLANG_WARN_ENUM_CONVERSION = YES;
				CLANG_WARN_INFINITE_RECURSION = YES;
				CLANG_WARN_INT_CONVERSION = YES;
				CLANG_WARN_NON_LITERAL_NULL_CONVERSION = YES;
				CLANG_WARN_OBJC_IMPLICIT_RETAIN_SELF = YES;
				CLANG_WARN_OBJC_LITERAL_CONVERSION = YES;
				CLANG_WARN_OBJC_ROOT_CLASS = YES_ERROR;
				CLANG_WARN_QUOTED_INCLUDE_IN_FRAMEWORK_HEADER = YES;
				CLANG_WARN_RANGE_LOOP_ANALYSIS = YES;
				CLANG_WARN_STRICT_PROTOTYPES = YES;
				CLANG_WARN_SUSPICIOUS_MOVE = YES;
				CLANG_WARN_UNGUARDED_AVAILABILITY = YES_AGGRESSIVE;
				CLANG_WARN_UNREACHABLE_CODE = YES;
				CLANG_WARN__DUPLICATE_METHOD_MATCH = YES;
				COPY_PHASE_STRIP = NO;
				DEBUG_INFORMATION_FORMAT = "dwarf-with-dsym";
				ENABLE_NS_ASSERTIONS = NO;
				ENABLE_STRICT_OBJC_MSGSEND = YES;
				GCC_C_LANGUAGE_STANDARD = gnu11;
				GCC_NO_COMMON_BLOCKS = YES;
				GCC_WARN_64_TO_32_BIT_CONVERSION = YES;
				GCC_WARN_ABOUT_RETURN_TYPE = YES_ERROR;
				GCC_WARN_UNDECLARED_SELECTOR = YES;
				GCC_WARN_UNINITIALIZED_AUTOS = YES_AGGRESSIVE;
				GCC_WARN_UNUSED_FUNCTION = YES;
				GCC_WARN_UNUSED_VARIABLE = YES;
				IPHONEOS_DEPLOYMENT_TARGET = 15.4;
				MTL_ENABLE_DEBUG_INFO = NO;
				MTL_FAST_MATH = YES;
				SDKROOT = iphoneos;
				SWIFT_COMPILATION_MODE = wholemodule;
				SWIFT_OPTIMIZATION_LEVEL = "-O";
				VALIDATE_PRODUCT = YES;
			};
			name = Release;
		};
		D2B2231D283274F5003D2C2D /* Debug */ = {
			isa = XCBuildConfiguration;
			baseConfigurationReference = 539DD7DBD4CA76A378B7051F /* Pods-ar-app.debug.xcconfig */;
			buildSettings = {
				ASSETCATALOG_COMPILER_APPICON_NAME = AppIcon;
				ASSETCATALOG_COMPILER_GLOBAL_ACCENT_COLOR_NAME = AccentColor;
				CODE_SIGN_STYLE = Automatic;
				CURRENT_PROJECT_VERSION = 1;
				DEVELOPMENT_TEAM = HU4LXRUQMU;
				GENERATE_INFOPLIST_FILE = YES;
				INFOPLIST_KEY_NSCameraUsageDescription = "";
				INFOPLIST_KEY_UIApplicationSupportsIndirectInputEvents = YES;
				INFOPLIST_KEY_UILaunchStoryboardName = LaunchScreen;
				INFOPLIST_KEY_UIMainStoryboardFile = Main;
				INFOPLIST_KEY_UIRequiredDeviceCapabilities = arkit;
				INFOPLIST_KEY_UIStatusBarHidden = YES;
				INFOPLIST_KEY_UISupportedInterfaceOrientations = UIInterfaceOrientationPortrait;
				INFOPLIST_KEY_UISupportedInterfaceOrientations_iPad = "UIInterfaceOrientationPortrait UIInterfaceOrientationPortraitUpsideDown UIInterfaceOrientationLandscapeLeft UIInterfaceOrientationLandscapeRight";
				INFOPLIST_KEY_UISupportedInterfaceOrientations_iPhone = "UIInterfaceOrientationPortrait UIInterfaceOrientationLandscapeLeft UIInterfaceOrientationLandscapeRight";
				LD_RUNPATH_SEARCH_PATHS = (
					"$(inherited)",
					"@executable_path/Frameworks",
				);
				MARKETING_VERSION = 1.0;
				PRODUCT_BUNDLE_IDENTIFIER = "thebestever.ar-app";
				PRODUCT_NAME = "$(TARGET_NAME)";
				SWIFT_EMIT_LOC_STRINGS = YES;
				SWIFT_VERSION = 5.0;
				TARGETED_DEVICE_FAMILY = "1,2";
			};
			name = Debug;
		};
		D2B2231E283274F5003D2C2D /* Release */ = {
			isa = XCBuildConfiguration;
			baseConfigurationReference = 673117DB0812178E824FB6A3 /* Pods-ar-app.release.xcconfig */;
			buildSettings = {
				ASSETCATALOG_COMPILER_APPICON_NAME = AppIcon;
				ASSETCATALOG_COMPILER_GLOBAL_ACCENT_COLOR_NAME = AccentColor;
				CODE_SIGN_STYLE = Automatic;
				CURRENT_PROJECT_VERSION = 1;
				DEVELOPMENT_TEAM = HU4LXRUQMU;
				GENERATE_INFOPLIST_FILE = YES;
				INFOPLIST_KEY_NSCameraUsageDescription = "";
				INFOPLIST_KEY_UIApplicationSupportsIndirectInputEvents = YES;
				INFOPLIST_KEY_UILaunchStoryboardName = LaunchScreen;
				INFOPLIST_KEY_UIMainStoryboardFile = Main;
				INFOPLIST_KEY_UIRequiredDeviceCapabilities = arkit;
				INFOPLIST_KEY_UIStatusBarHidden = YES;
				INFOPLIST_KEY_UISupportedInterfaceOrientations = UIInterfaceOrientationPortrait;
				INFOPLIST_KEY_UISupportedInterfaceOrientations_iPad = "UIInterfaceOrientationPortrait UIInterfaceOrientationPortraitUpsideDown UIInterfaceOrientationLandscapeLeft UIInterfaceOrientationLandscapeRight";
				INFOPLIST_KEY_UISupportedInterfaceOrientations_iPhone = "UIInterfaceOrientationPortrait UIInterfaceOrientationLandscapeLeft UIInterfaceOrientationLandscapeRight";
				LD_RUNPATH_SEARCH_PATHS = (
					"$(inherited)",
					"@executable_path/Frameworks",
				);
				MARKETING_VERSION = 1.0;
				PRODUCT_BUNDLE_IDENTIFIER = "thebestever.ar-app";
				PRODUCT_NAME = "$(TARGET_NAME)";
				SWIFT_EMIT_LOC_STRINGS = YES;
				SWIFT_VERSION = 5.0;
				TARGETED_DEVICE_FAMILY = "1,2";
			};
			name = Release;
		};
/* End XCBuildConfiguration section */

/* Begin XCConfigurationList section */
		D2B22304283274F4003D2C2D /* Build configuration list for PBXProject "ar-app" */ = {
			isa = XCConfigurationList;
			buildConfigurations = (
				D2B2231A283274F5003D2C2D /* Debug */,
				D2B2231B283274F5003D2C2D /* Release */,
			);
			defaultConfigurationIsVisible = 0;
			defaultConfigurationName = Release;
		};
		D2B2231C283274F5003D2C2D /* Build configuration list for PBXNativeTarget "ar-app" */ = {
			isa = XCConfigurationList;
			buildConfigurations = (
				D2B2231D283274F5003D2C2D /* Debug */,
				D2B2231E283274F5003D2C2D /* Release */,
			);
			defaultConfigurationIsVisible = 0;
			defaultConfigurationName = Release;
		};
/* End XCConfigurationList section */
	};
	rootObject = D2B22301283274F4003D2C2D /* Project object */;
}
